// !$*UTF8*$!
{
	archiveVersion = 1;
	classes = {
	};
	objectVersion = 46;
	objects = {

/* Begin PBXBuildFile section */
		2A682F5E648917A47F3BBE0D /* Pods_RAC_Command.framework in Frameworks */ = {isa = PBXBuildFile; fileRef = 603DD1D75BA0823BC296CAF3 /* Pods_RAC_Command.framework */; };
		2D1899B2DB990AA45D15E7F8 /* Pods_RAC___.framework in Frameworks */ = {isa = PBXBuildFile; fileRef = 57C04C518436CB6789618989 /* Pods_RAC___.framework */; };
		6D848363A5B2DEC7A61BEA73 /* Pods_RAC_OC.framework in Frameworks */ = {isa = PBXBuildFile; fileRef = 71A0A3A9604A436C3D2B14E3 /* Pods_RAC_OC.framework */; };
		705CE4D21DD96A8F001CBF84 /* main.m in Sources */ = {isa = PBXBuildFile; fileRef = 705CE4D11DD96A8F001CBF84 /* main.m */; };
		705CE4D51DD96A8F001CBF84 /* AppDelegate.m in Sources */ = {isa = PBXBuildFile; fileRef = 705CE4D41DD96A8F001CBF84 /* AppDelegate.m */; };
		705CE4D81DD96A8F001CBF84 /* ViewController.m in Sources */ = {isa = PBXBuildFile; fileRef = 705CE4D71DD96A8F001CBF84 /* ViewController.m */; };
		705CE4DB1DD96A8F001CBF84 /* Main.storyboard in Resources */ = {isa = PBXBuildFile; fileRef = 705CE4D91DD96A8F001CBF84 /* Main.storyboard */; };
		705CE4DD1DD96A8F001CBF84 /* Assets.xcassets in Resources */ = {isa = PBXBuildFile; fileRef = 705CE4DC1DD96A8F001CBF84 /* Assets.xcassets */; };
		705CE4E01DD96A8F001CBF84 /* LaunchScreen.storyboard in Resources */ = {isa = PBXBuildFile; fileRef = 705CE4DE1DD96A8F001CBF84 /* LaunchScreen.storyboard */; };
		705CE4ED1DD992C6001CBF84 /* main.m in Sources */ = {isa = PBXBuildFile; fileRef = 705CE4EC1DD992C6001CBF84 /* main.m */; };
		705CE4F01DD992C6001CBF84 /* AppDelegate.m in Sources */ = {isa = PBXBuildFile; fileRef = 705CE4EF1DD992C6001CBF84 /* AppDelegate.m */; };
		705CE4F31DD992C6001CBF84 /* ViewController.m in Sources */ = {isa = PBXBuildFile; fileRef = 705CE4F21DD992C6001CBF84 /* ViewController.m */; };
		705CE4F61DD992C6001CBF84 /* Main.storyboard in Resources */ = {isa = PBXBuildFile; fileRef = 705CE4F41DD992C6001CBF84 /* Main.storyboard */; };
		705CE4F81DD992C6001CBF84 /* Assets.xcassets in Resources */ = {isa = PBXBuildFile; fileRef = 705CE4F71DD992C6001CBF84 /* Assets.xcassets */; };
		705CE4FB1DD992C6001CBF84 /* LaunchScreen.storyboard in Resources */ = {isa = PBXBuildFile; fileRef = 705CE4F91DD992C6001CBF84 /* LaunchScreen.storyboard */; };
		705CE5081DD99540001CBF84 /* main.m in Sources */ = {isa = PBXBuildFile; fileRef = 705CE5071DD99540001CBF84 /* main.m */; };
		705CE50B1DD99540001CBF84 /* AppDelegate.m in Sources */ = {isa = PBXBuildFile; fileRef = 705CE50A1DD99540001CBF84 /* AppDelegate.m */; };
		705CE50E1DD99540001CBF84 /* ViewController.m in Sources */ = {isa = PBXBuildFile; fileRef = 705CE50D1DD99540001CBF84 /* ViewController.m */; };
		705CE5111DD99540001CBF84 /* Main.storyboard in Resources */ = {isa = PBXBuildFile; fileRef = 705CE50F1DD99540001CBF84 /* Main.storyboard */; };
		705CE5131DD99540001CBF84 /* Assets.xcassets in Resources */ = {isa = PBXBuildFile; fileRef = 705CE5121DD99540001CBF84 /* Assets.xcassets */; };
		705CE5161DD99540001CBF84 /* LaunchScreen.storyboard in Resources */ = {isa = PBXBuildFile; fileRef = 705CE5141DD99540001CBF84 /* LaunchScreen.storyboard */; };
		705CE5231DD99663001CBF84 /* main.m in Sources */ = {isa = PBXBuildFile; fileRef = 705CE5221DD99663001CBF84 /* main.m */; };
		705CE5261DD99663001CBF84 /* AppDelegate.m in Sources */ = {isa = PBXBuildFile; fileRef = 705CE5251DD99663001CBF84 /* AppDelegate.m */; };
		705CE5291DD99663001CBF84 /* ViewController.m in Sources */ = {isa = PBXBuildFile; fileRef = 705CE5281DD99663001CBF84 /* ViewController.m */; };
		705CE52C1DD99663001CBF84 /* Main.storyboard in Resources */ = {isa = PBXBuildFile; fileRef = 705CE52A1DD99663001CBF84 /* Main.storyboard */; };
		705CE52E1DD99663001CBF84 /* Assets.xcassets in Resources */ = {isa = PBXBuildFile; fileRef = 705CE52D1DD99663001CBF84 /* Assets.xcassets */; };
		705CE5311DD99663001CBF84 /* LaunchScreen.storyboard in Resources */ = {isa = PBXBuildFile; fileRef = 705CE52F1DD99663001CBF84 /* LaunchScreen.storyboard */; };
		708C2C1B1DDB5A0000D460B5 /* BindController.m in Sources */ = {isa = PBXBuildFile; fileRef = 708C2C1A1DDB5A0000D460B5 /* BindController.m */; };
		708C2C1E1DDB5B1800D460B5 /* MulticastConnectionController.m in Sources */ = {isa = PBXBuildFile; fileRef = 708C2C1D1DDB5B1800D460B5 /* MulticastConnectionController.m */; };
		708C2C211DDB5B8C00D460B5 /* SignalController.m in Sources */ = {isa = PBXBuildFile; fileRef = 708C2C201DDB5B8C00D460B5 /* SignalController.m */; };
		708C2C241DDB5BEE00D460B5 /* SequenceController.m in Sources */ = {isa = PBXBuildFile; fileRef = 708C2C231DDB5BEE00D460B5 /* SequenceController.m */; };
		708C2C271DDB606200D460B5 /* Subject0Controller.m in Sources */ = {isa = PBXBuildFile; fileRef = 708C2C261DDB606200D460B5 /* Subject0Controller.m */; };
		708C2C2A1DDB609E00D460B5 /* Subject1Controller.m in Sources */ = {isa = PBXBuildFile; fileRef = 708C2C291DDB609E00D460B5 /* Subject1Controller.m */; };
		709BB33F1DD96883006B59A7 /* main.m in Sources */ = {isa = PBXBuildFile; fileRef = 709BB33E1DD96883006B59A7 /* main.m */; };
		709BB3421DD96883006B59A7 /* AppDelegate.m in Sources */ = {isa = PBXBuildFile; fileRef = 709BB3411DD96883006B59A7 /* AppDelegate.m */; };
		709BB3451DD96883006B59A7 /* ViewController.m in Sources */ = {isa = PBXBuildFile; fileRef = 709BB3441DD96883006B59A7 /* ViewController.m */; };
		709BB3481DD96883006B59A7 /* Main.storyboard in Resources */ = {isa = PBXBuildFile; fileRef = 709BB3461DD96883006B59A7 /* Main.storyboard */; };
		709BB34A1DD96883006B59A7 /* Assets.xcassets in Resources */ = {isa = PBXBuildFile; fileRef = 709BB3491DD96883006B59A7 /* Assets.xcassets */; };
		709BB34D1DD96883006B59A7 /* LaunchScreen.storyboard in Resources */ = {isa = PBXBuildFile; fileRef = 709BB34B1DD96883006B59A7 /* LaunchScreen.storyboard */; };
		70F615991DDD4C9C00F8A67E /* main.m in Sources */ = {isa = PBXBuildFile; fileRef = 70F615981DDD4C9C00F8A67E /* main.m */; };
		70F6159C1DDD4C9C00F8A67E /* AppDelegate.m in Sources */ = {isa = PBXBuildFile; fileRef = 70F6159B1DDD4C9C00F8A67E /* AppDelegate.m */; };
		70F6159F1DDD4C9C00F8A67E /* ViewController.m in Sources */ = {isa = PBXBuildFile; fileRef = 70F6159E1DDD4C9C00F8A67E /* ViewController.m */; };
		70F615A21DDD4C9C00F8A67E /* Main.storyboard in Resources */ = {isa = PBXBuildFile; fileRef = 70F615A01DDD4C9C00F8A67E /* Main.storyboard */; };
		70F615A41DDD4C9C00F8A67E /* Assets.xcassets in Resources */ = {isa = PBXBuildFile; fileRef = 70F615A31DDD4C9C00F8A67E /* Assets.xcassets */; };
		70F615A71DDD4C9C00F8A67E /* LaunchScreen.storyboard in Resources */ = {isa = PBXBuildFile; fileRef = 70F615A51DDD4C9C00F8A67E /* LaunchScreen.storyboard */; };
		70F615AE1DDD4D3D00F8A67E /* LoginViewModel.m in Sources */ = {isa = PBXBuildFile; fileRef = 70F615AD1DDD4D3D00F8A67E /* LoginViewModel.m */; };
		70F615B11DDD4FBE00F8A67E /* RequestController.m in Sources */ = {isa = PBXBuildFile; fileRef = 70F615B01DDD4FBE00F8A67E /* RequestController.m */; };
		70F615B41DDD4FCD00F8A67E /* RequestViewModel.m in Sources */ = {isa = PBXBuildFile; fileRef = 70F615B31DDD4FCD00F8A67E /* RequestViewModel.m */; };
		70F615B71DDD521400F8A67E /* LoginController.m in Sources */ = {isa = PBXBuildFile; fileRef = 70F615B61DDD521400F8A67E /* LoginController.m */; };
		778F5384860036BA1EDC2511 /* Pods_RAC_MVVM.framework in Frameworks */ = {isa = PBXBuildFile; fileRef = B66E83807E262071DC016641 /* Pods_RAC_MVVM.framework */; };
		92E676094BB8EB6C3EAD55E6 /* Pods_RAC___.framework in Frameworks */ = {isa = PBXBuildFile; fileRef = 57C04C518436CB6789618989 /* Pods_RAC___.framework */; };
		C34F5CC6FD0C7AF30B2D1BFE /* Pods_RAC___.framework in Frameworks */ = {isa = PBXBuildFile; fileRef = 57C04C518436CB6789618989 /* Pods_RAC___.framework */; };
/* End PBXBuildFile section */

/* Begin PBXFileReference section */
		2B2B0D2746BD632E7D7B711F /* Pods-RAC_过滤.debug.xcconfig */ = {isa = PBXFileReference; includeInIndex = 1; lastKnownFileType = text.xcconfig; name = "Pods-RAC_过滤.debug.xcconfig"; path = "Pods/Target Support Files/Pods-RAC_过滤/Pods-RAC_过滤.debug.xcconfig"; sourceTree = "<group>"; };
		5463B5EA9894EA252DA14CEC /* Pods-RAC_组合.debug.xcconfig */ = {isa = PBXFileReference; includeInIndex = 1; lastKnownFileType = text.xcconfig; name = "Pods-RAC_组合.debug.xcconfig"; path = "Pods/Target Support Files/Pods-RAC_组合/Pods-RAC_组合.debug.xcconfig"; sourceTree = "<group>"; };
		5774C0F9C3F9CC943EADEF96 /* Pods-RAC_映射.release.xcconfig */ = {isa = PBXFileReference; includeInIndex = 1; lastKnownFileType = text.xcconfig; name = "Pods-RAC_映射.release.xcconfig"; path = "Pods/Target Support Files/Pods-RAC_映射/Pods-RAC_映射.release.xcconfig"; sourceTree = "<group>"; };
		57C04C518436CB6789618989 /* Pods_RAC___.framework */ = {isa = PBXFileReference; explicitFileType = wrapper.framework; includeInIndex = 0; path = "Pods_RAC___.framework"; sourceTree = BUILT_PRODUCTS_DIR; };
		603DD1D75BA0823BC296CAF3 /* Pods_RAC_Command.framework */ = {isa = PBXFileReference; explicitFileType = wrapper.framework; includeInIndex = 0; path = Pods_RAC_Command.framework; sourceTree = BUILT_PRODUCTS_DIR; };
		6A94889C0BDF2EAFEADCCF54 /* Pods-RAC_MVVM.debug.xcconfig */ = {isa = PBXFileReference; includeInIndex = 1; lastKnownFileType = text.xcconfig; name = "Pods-RAC_MVVM.debug.xcconfig"; path = "Pods/Target Support Files/Pods-RAC_MVVM/Pods-RAC_MVVM.debug.xcconfig"; sourceTree = "<group>"; };
		705CE4CE1DD96A8F001CBF84 /* RAC_Command.app */ = {isa = PBXFileReference; explicitFileType = wrapper.application; includeInIndex = 0; path = RAC_Command.app; sourceTree = BUILT_PRODUCTS_DIR; };
		705CE4D11DD96A8F001CBF84 /* main.m */ = {isa = PBXFileReference; lastKnownFileType = sourcecode.c.objc; path = main.m; sourceTree = "<group>"; };
		705CE4D31DD96A8F001CBF84 /* AppDelegate.h */ = {isa = PBXFileReference; lastKnownFileType = sourcecode.c.h; path = AppDelegate.h; sourceTree = "<group>"; };
		705CE4D41DD96A8F001CBF84 /* AppDelegate.m */ = {isa = PBXFileReference; lastKnownFileType = sourcecode.c.objc; path = AppDelegate.m; sourceTree = "<group>"; };
		705CE4D61DD96A8F001CBF84 /* ViewController.h */ = {isa = PBXFileReference; lastKnownFileType = sourcecode.c.h; path = ViewController.h; sourceTree = "<group>"; };
		705CE4D71DD96A8F001CBF84 /* ViewController.m */ = {isa = PBXFileReference; lastKnownFileType = sourcecode.c.objc; path = ViewController.m; sourceTree = "<group>"; };
		705CE4DA1DD96A8F001CBF84 /* Base */ = {isa = PBXFileReference; lastKnownFileType = file.storyboard; name = Base; path = Base.lproj/Main.storyboard; sourceTree = "<group>"; };
		705CE4DC1DD96A8F001CBF84 /* Assets.xcassets */ = {isa = PBXFileReference; lastKnownFileType = folder.assetcatalog; path = Assets.xcassets; sourceTree = "<group>"; };
		705CE4DF1DD96A8F001CBF84 /* Base */ = {isa = PBXFileReference; lastKnownFileType = file.storyboard; name = Base; path = Base.lproj/LaunchScreen.storyboard; sourceTree = "<group>"; };
		705CE4E11DD96A8F001CBF84 /* Info.plist */ = {isa = PBXFileReference; lastKnownFileType = text.plist.xml; path = Info.plist; sourceTree = "<group>"; };
		705CE4E91DD992C6001CBF84 /* RAC_过滤.app */ = {isa = PBXFileReference; explicitFileType = wrapper.application; includeInIndex = 0; path = "RAC_过滤.app"; sourceTree = BUILT_PRODUCTS_DIR; };
		705CE4EC1DD992C6001CBF84 /* main.m */ = {isa = PBXFileReference; lastKnownFileType = sourcecode.c.objc; path = main.m; sourceTree = "<group>"; };
		705CE4EE1DD992C6001CBF84 /* AppDelegate.h */ = {isa = PBXFileReference; lastKnownFileType = sourcecode.c.h; path = AppDelegate.h; sourceTree = "<group>"; };
		705CE4EF1DD992C6001CBF84 /* AppDelegate.m */ = {isa = PBXFileReference; lastKnownFileType = sourcecode.c.objc; path = AppDelegate.m; sourceTree = "<group>"; };
		705CE4F11DD992C6001CBF84 /* ViewController.h */ = {isa = PBXFileReference; lastKnownFileType = sourcecode.c.h; path = ViewController.h; sourceTree = "<group>"; };
		705CE4F21DD992C6001CBF84 /* ViewController.m */ = {isa = PBXFileReference; lastKnownFileType = sourcecode.c.objc; path = ViewController.m; sourceTree = "<group>"; };
		705CE4F51DD992C6001CBF84 /* Base */ = {isa = PBXFileReference; lastKnownFileType = file.storyboard; name = Base; path = Base.lproj/Main.storyboard; sourceTree = "<group>"; };
		705CE4F71DD992C6001CBF84 /* Assets.xcassets */ = {isa = PBXFileReference; lastKnownFileType = folder.assetcatalog; path = Assets.xcassets; sourceTree = "<group>"; };
		705CE4FA1DD992C6001CBF84 /* Base */ = {isa = PBXFileReference; lastKnownFileType = file.storyboard; name = Base; path = Base.lproj/LaunchScreen.storyboard; sourceTree = "<group>"; };
		705CE4FC1DD992C6001CBF84 /* Info.plist */ = {isa = PBXFileReference; lastKnownFileType = text.plist.xml; path = Info.plist; sourceTree = "<group>"; };
		705CE5041DD99540001CBF84 /* RAC_映射.app */ = {isa = PBXFileReference; explicitFileType = wrapper.application; includeInIndex = 0; path = "RAC_映射.app"; sourceTree = BUILT_PRODUCTS_DIR; };
		705CE5071DD99540001CBF84 /* main.m */ = {isa = PBXFileReference; lastKnownFileType = sourcecode.c.objc; path = main.m; sourceTree = "<group>"; };
		705CE5091DD99540001CBF84 /* AppDelegate.h */ = {isa = PBXFileReference; lastKnownFileType = sourcecode.c.h; path = AppDelegate.h; sourceTree = "<group>"; };
		705CE50A1DD99540001CBF84 /* AppDelegate.m */ = {isa = PBXFileReference; lastKnownFileType = sourcecode.c.objc; path = AppDelegate.m; sourceTree = "<group>"; };
		705CE50C1DD99540001CBF84 /* ViewController.h */ = {isa = PBXFileReference; lastKnownFileType = sourcecode.c.h; path = ViewController.h; sourceTree = "<group>"; };
		705CE50D1DD99540001CBF84 /* ViewController.m */ = {isa = PBXFileReference; lastKnownFileType = sourcecode.c.objc; path = ViewController.m; sourceTree = "<group>"; };
		705CE5101DD99540001CBF84 /* Base */ = {isa = PBXFileReference; lastKnownFileType = file.storyboard; name = Base; path = Base.lproj/Main.storyboard; sourceTree = "<group>"; };
		705CE5121DD99540001CBF84 /* Assets.xcassets */ = {isa = PBXFileReference; lastKnownFileType = folder.assetcatalog; path = Assets.xcassets; sourceTree = "<group>"; };
		705CE5151DD99540001CBF84 /* Base */ = {isa = PBXFileReference; lastKnownFileType = file.storyboard; name = Base; path = Base.lproj/LaunchScreen.storyboard; sourceTree = "<group>"; };
		705CE5171DD99540001CBF84 /* Info.plist */ = {isa = PBXFileReference; lastKnownFileType = text.plist.xml; path = Info.plist; sourceTree = "<group>"; };
		705CE51F1DD99663001CBF84 /* RAC_组合.app */ = {isa = PBXFileReference; explicitFileType = wrapper.application; includeInIndex = 0; path = "RAC_组合.app"; sourceTree = BUILT_PRODUCTS_DIR; };
		705CE5221DD99663001CBF84 /* main.m */ = {isa = PBXFileReference; lastKnownFileType = sourcecode.c.objc; path = main.m; sourceTree = "<group>"; };
		705CE5241DD99663001CBF84 /* AppDelegate.h */ = {isa = PBXFileReference; lastKnownFileType = sourcecode.c.h; path = AppDelegate.h; sourceTree = "<group>"; };
		705CE5251DD99663001CBF84 /* AppDelegate.m */ = {isa = PBXFileReference; lastKnownFileType = sourcecode.c.objc; path = AppDelegate.m; sourceTree = "<group>"; };
		705CE5271DD99663001CBF84 /* ViewController.h */ = {isa = PBXFileReference; lastKnownFileType = sourcecode.c.h; path = ViewController.h; sourceTree = "<group>"; };
		705CE5281DD99663001CBF84 /* ViewController.m */ = {isa = PBXFileReference; lastKnownFileType = sourcecode.c.objc; path = ViewController.m; sourceTree = "<group>"; };
		705CE52B1DD99663001CBF84 /* Base */ = {isa = PBXFileReference; lastKnownFileType = file.storyboard; name = Base; path = Base.lproj/Main.storyboard; sourceTree = "<group>"; };
		705CE52D1DD99663001CBF84 /* Assets.xcassets */ = {isa = PBXFileReference; lastKnownFileType = folder.assetcatalog; path = Assets.xcassets; sourceTree = "<group>"; };
		705CE5301DD99663001CBF84 /* Base */ = {isa = PBXFileReference; lastKnownFileType = file.storyboard; name = Base; path = Base.lproj/LaunchScreen.storyboard; sourceTree = "<group>"; };
		705CE5321DD99663001CBF84 /* Info.plist */ = {isa = PBXFileReference; lastKnownFileType = text.plist.xml; path = Info.plist; sourceTree = "<group>"; };
		708C2C191DDB5A0000D460B5 /* BindController.h */ = {isa = PBXFileReference; fileEncoding = 4; lastKnownFileType = sourcecode.c.h; path = BindController.h; sourceTree = "<group>"; };
		708C2C1A1DDB5A0000D460B5 /* BindController.m */ = {isa = PBXFileReference; fileEncoding = 4; lastKnownFileType = sourcecode.c.objc; path = BindController.m; sourceTree = "<group>"; };
		708C2C1C1DDB5B1800D460B5 /* MulticastConnectionController.h */ = {isa = PBXFileReference; fileEncoding = 4; lastKnownFileType = sourcecode.c.h; path = MulticastConnectionController.h; sourceTree = "<group>"; };
		708C2C1D1DDB5B1800D460B5 /* MulticastConnectionController.m */ = {isa = PBXFileReference; fileEncoding = 4; lastKnownFileType = sourcecode.c.objc; path = MulticastConnectionController.m; sourceTree = "<group>"; };
		708C2C1F1DDB5B8C00D460B5 /* SignalController.h */ = {isa = PBXFileReference; fileEncoding = 4; lastKnownFileType = sourcecode.c.h; path = SignalController.h; sourceTree = "<group>"; };
		708C2C201DDB5B8C00D460B5 /* SignalController.m */ = {isa = PBXFileReference; fileEncoding = 4; lastKnownFileType = sourcecode.c.objc; path = SignalController.m; sourceTree = "<group>"; };
		708C2C221DDB5BEE00D460B5 /* SequenceController.h */ = {isa = PBXFileReference; fileEncoding = 4; lastKnownFileType = sourcecode.c.h; path = SequenceController.h; sourceTree = "<group>"; };
		708C2C231DDB5BEE00D460B5 /* SequenceController.m */ = {isa = PBXFileReference; fileEncoding = 4; lastKnownFileType = sourcecode.c.objc; path = SequenceController.m; sourceTree = "<group>"; };
		708C2C251DDB606200D460B5 /* Subject0Controller.h */ = {isa = PBXFileReference; fileEncoding = 4; lastKnownFileType = sourcecode.c.h; path = Subject0Controller.h; sourceTree = "<group>"; };
		708C2C261DDB606200D460B5 /* Subject0Controller.m */ = {isa = PBXFileReference; fileEncoding = 4; lastKnownFileType = sourcecode.c.objc; path = Subject0Controller.m; sourceTree = "<group>"; };
		708C2C281DDB609E00D460B5 /* Subject1Controller.h */ = {isa = PBXFileReference; fileEncoding = 4; lastKnownFileType = sourcecode.c.h; path = Subject1Controller.h; sourceTree = "<group>"; };
		708C2C291DDB609E00D460B5 /* Subject1Controller.m */ = {isa = PBXFileReference; fileEncoding = 4; lastKnownFileType = sourcecode.c.objc; path = Subject1Controller.m; sourceTree = "<group>"; };
		709BB33A1DD96883006B59A7 /* RAC_OC.app */ = {isa = PBXFileReference; explicitFileType = wrapper.application; includeInIndex = 0; path = RAC_OC.app; sourceTree = BUILT_PRODUCTS_DIR; };
		709BB33E1DD96883006B59A7 /* main.m */ = {isa = PBXFileReference; lastKnownFileType = sourcecode.c.objc; path = main.m; sourceTree = "<group>"; };
		709BB3401DD96883006B59A7 /* AppDelegate.h */ = {isa = PBXFileReference; lastKnownFileType = sourcecode.c.h; path = AppDelegate.h; sourceTree = "<group>"; };
		709BB3411DD96883006B59A7 /* AppDelegate.m */ = {isa = PBXFileReference; lastKnownFileType = sourcecode.c.objc; path = AppDelegate.m; sourceTree = "<group>"; };
		709BB3431DD96883006B59A7 /* ViewController.h */ = {isa = PBXFileReference; lastKnownFileType = sourcecode.c.h; path = ViewController.h; sourceTree = "<group>"; };
		709BB3441DD96883006B59A7 /* ViewController.m */ = {isa = PBXFileReference; lastKnownFileType = sourcecode.c.objc; path = ViewController.m; sourceTree = "<group>"; };
		709BB3471DD96883006B59A7 /* Base */ = {isa = PBXFileReference; lastKnownFileType = file.storyboard; name = Base; path = Base.lproj/Main.storyboard; sourceTree = "<group>"; };
		709BB3491DD96883006B59A7 /* Assets.xcassets */ = {isa = PBXFileReference; lastKnownFileType = folder.assetcatalog; path = Assets.xcassets; sourceTree = "<group>"; };
		709BB34C1DD96883006B59A7 /* Base */ = {isa = PBXFileReference; lastKnownFileType = file.storyboard; name = Base; path = Base.lproj/LaunchScreen.storyboard; sourceTree = "<group>"; };
		709BB34E1DD96883006B59A7 /* Info.plist */ = {isa = PBXFileReference; lastKnownFileType = text.plist.xml; path = Info.plist; sourceTree = "<group>"; };
		70F615951DDD4C9C00F8A67E /* RAC_MVVM.app */ = {isa = PBXFileReference; explicitFileType = wrapper.application; includeInIndex = 0; path = RAC_MVVM.app; sourceTree = BUILT_PRODUCTS_DIR; };
		70F615981DDD4C9C00F8A67E /* main.m */ = {isa = PBXFileReference; lastKnownFileType = sourcecode.c.objc; path = main.m; sourceTree = "<group>"; };
		70F6159A1DDD4C9C00F8A67E /* AppDelegate.h */ = {isa = PBXFileReference; lastKnownFileType = sourcecode.c.h; path = AppDelegate.h; sourceTree = "<group>"; };
		70F6159B1DDD4C9C00F8A67E /* AppDelegate.m */ = {isa = PBXFileReference; lastKnownFileType = sourcecode.c.objc; path = AppDelegate.m; sourceTree = "<group>"; };
		70F6159D1DDD4C9C00F8A67E /* ViewController.h */ = {isa = PBXFileReference; lastKnownFileType = sourcecode.c.h; path = ViewController.h; sourceTree = "<group>"; };
		70F6159E1DDD4C9C00F8A67E /* ViewController.m */ = {isa = PBXFileReference; lastKnownFileType = sourcecode.c.objc; path = ViewController.m; sourceTree = "<group>"; };
		70F615A11DDD4C9C00F8A67E /* Base */ = {isa = PBXFileReference; lastKnownFileType = file.storyboard; name = Base; path = Base.lproj/Main.storyboard; sourceTree = "<group>"; };
		70F615A31DDD4C9C00F8A67E /* Assets.xcassets */ = {isa = PBXFileReference; lastKnownFileType = folder.assetcatalog; path = Assets.xcassets; sourceTree = "<group>"; };
		70F615A61DDD4C9C00F8A67E /* Base */ = {isa = PBXFileReference; lastKnownFileType = file.storyboard; name = Base; path = Base.lproj/LaunchScreen.storyboard; sourceTree = "<group>"; };
		70F615A81DDD4C9C00F8A67E /* Info.plist */ = {isa = PBXFileReference; lastKnownFileType = text.plist.xml; path = Info.plist; sourceTree = "<group>"; };
		70F615AC1DDD4D3D00F8A67E /* LoginViewModel.h */ = {isa = PBXFileReference; fileEncoding = 4; lastKnownFileType = sourcecode.c.h; path = LoginViewModel.h; sourceTree = "<group>"; };
		70F615AD1DDD4D3D00F8A67E /* LoginViewModel.m */ = {isa = PBXFileReference; fileEncoding = 4; lastKnownFileType = sourcecode.c.objc; path = LoginViewModel.m; sourceTree = "<group>"; };
		70F615AF1DDD4FBE00F8A67E /* RequestController.h */ = {isa = PBXFileReference; fileEncoding = 4; lastKnownFileType = sourcecode.c.h; path = RequestController.h; sourceTree = "<group>"; };
		70F615B01DDD4FBE00F8A67E /* RequestController.m */ = {isa = PBXFileReference; fileEncoding = 4; lastKnownFileType = sourcecode.c.objc; path = RequestController.m; sourceTree = "<group>"; };
		70F615B21DDD4FCD00F8A67E /* RequestViewModel.h */ = {isa = PBXFileReference; fileEncoding = 4; lastKnownFileType = sourcecode.c.h; path = RequestViewModel.h; sourceTree = "<group>"; };
		70F615B31DDD4FCD00F8A67E /* RequestViewModel.m */ = {isa = PBXFileReference; fileEncoding = 4; lastKnownFileType = sourcecode.c.objc; path = RequestViewModel.m; sourceTree = "<group>"; };
		70F615B51DDD521400F8A67E /* LoginController.h */ = {isa = PBXFileReference; fileEncoding = 4; lastKnownFileType = sourcecode.c.h; path = LoginController.h; sourceTree = "<group>"; };
		70F615B61DDD521400F8A67E /* LoginController.m */ = {isa = PBXFileReference; fileEncoding = 4; lastKnownFileType = sourcecode.c.objc; path = LoginController.m; sourceTree = "<group>"; };
		71A0A3A9604A436C3D2B14E3 /* Pods_RAC_OC.framework */ = {isa = PBXFileReference; explicitFileType = wrapper.framework; includeInIndex = 0; path = Pods_RAC_OC.framework; sourceTree = BUILT_PRODUCTS_DIR; };
		82B96B7DD6ACEB08D6746175 /* Pods-RAC_映射.debug.xcconfig */ = {isa = PBXFileReference; includeInIndex = 1; lastKnownFileType = text.xcconfig; name = "Pods-RAC_映射.debug.xcconfig"; path = "Pods/Target Support Files/Pods-RAC_映射/Pods-RAC_映射.debug.xcconfig"; sourceTree = "<group>"; };
		8BABBE32176547B507A18B52 /* Pods-RAC_OC.release.xcconfig */ = {isa = PBXFileReference; includeInIndex = 1; lastKnownFileType = text.xcconfig; name = "Pods-RAC_OC.release.xcconfig"; path = "Pods/Target Support Files/Pods-RAC_OC/Pods-RAC_OC.release.xcconfig"; sourceTree = "<group>"; };
		B66D697EA19122C4A6FE7E77 /* Pods-RAC_Command.debug.xcconfig */ = {isa = PBXFileReference; includeInIndex = 1; lastKnownFileType = text.xcconfig; name = "Pods-RAC_Command.debug.xcconfig"; path = "Pods/Target Support Files/Pods-RAC_Command/Pods-RAC_Command.debug.xcconfig"; sourceTree = "<group>"; };
		B66E83807E262071DC016641 /* Pods_RAC_MVVM.framework */ = {isa = PBXFileReference; explicitFileType = wrapper.framework; includeInIndex = 0; path = Pods_RAC_MVVM.framework; sourceTree = BUILT_PRODUCTS_DIR; };
		B6A8FEF0809C340351E571E7 /* Pods-RAC_MVVM.release.xcconfig */ = {isa = PBXFileReference; includeInIndex = 1; lastKnownFileType = text.xcconfig; name = "Pods-RAC_MVVM.release.xcconfig"; path = "Pods/Target Support Files/Pods-RAC_MVVM/Pods-RAC_MVVM.release.xcconfig"; sourceTree = "<group>"; };
		BB548AFF83AFDC1E6A8DF687 /* Pods-RAC_组合.release.xcconfig */ = {isa = PBXFileReference; includeInIndex = 1; lastKnownFileType = text.xcconfig; name = "Pods-RAC_组合.release.xcconfig"; path = "Pods/Target Support Files/Pods-RAC_组合/Pods-RAC_组合.release.xcconfig"; sourceTree = "<group>"; };
		DE07C5225C852FC393571811 /* Pods-RAC_过滤.release.xcconfig */ = {isa = PBXFileReference; includeInIndex = 1; lastKnownFileType = text.xcconfig; name = "Pods-RAC_过滤.release.xcconfig"; path = "Pods/Target Support Files/Pods-RAC_过滤/Pods-RAC_过滤.release.xcconfig"; sourceTree = "<group>"; };
		E4364BD835505EAE5DD1BE79 /* Pods-RAC_OC.debug.xcconfig */ = {isa = PBXFileReference; includeInIndex = 1; lastKnownFileType = text.xcconfig; name = "Pods-RAC_OC.debug.xcconfig"; path = "Pods/Target Support Files/Pods-RAC_OC/Pods-RAC_OC.debug.xcconfig"; sourceTree = "<group>"; };
		F8C20A54D55BF964E5AE2833 /* Pods-RAC_Command.release.xcconfig */ = {isa = PBXFileReference; includeInIndex = 1; lastKnownFileType = text.xcconfig; name = "Pods-RAC_Command.release.xcconfig"; path = "Pods/Target Support Files/Pods-RAC_Command/Pods-RAC_Command.release.xcconfig"; sourceTree = "<group>"; };
/* End PBXFileReference section */

/* Begin PBXFrameworksBuildPhase section */
		705CE4CB1DD96A8F001CBF84 /* Frameworks */ = {
			isa = PBXFrameworksBuildPhase;
			buildActionMask = 2147483647;
			files = (
				2A682F5E648917A47F3BBE0D /* Pods_RAC_Command.framework in Frameworks */,
			);
			runOnlyForDeploymentPostprocessing = 0;
		};
		705CE4E61DD992C6001CBF84 /* Frameworks */ = {
			isa = PBXFrameworksBuildPhase;
			buildActionMask = 2147483647;
			files = (
				2D1899B2DB990AA45D15E7F8 /* Pods_RAC___.framework in Frameworks */,
			);
			runOnlyForDeploymentPostprocessing = 0;
		};
		705CE5011DD99540001CBF84 /* Frameworks */ = {
			isa = PBXFrameworksBuildPhase;
			buildActionMask = 2147483647;
			files = (
				C34F5CC6FD0C7AF30B2D1BFE /* Pods_RAC___.framework in Frameworks */,
			);
			runOnlyForDeploymentPostprocessing = 0;
		};
		705CE51C1DD99663001CBF84 /* Frameworks */ = {
			isa = PBXFrameworksBuildPhase;
			buildActionMask = 2147483647;
			files = (
				92E676094BB8EB6C3EAD55E6 /* Pods_RAC___.framework in Frameworks */,
			);
			runOnlyForDeploymentPostprocessing = 0;
		};
		709BB3371DD96883006B59A7 /* Frameworks */ = {
			isa = PBXFrameworksBuildPhase;
			buildActionMask = 2147483647;
			files = (
				6D848363A5B2DEC7A61BEA73 /* Pods_RAC_OC.framework in Frameworks */,
			);
			runOnlyForDeploymentPostprocessing = 0;
		};
		70F615921DDD4C9C00F8A67E /* Frameworks */ = {
			isa = PBXFrameworksBuildPhase;
			buildActionMask = 2147483647;
			files = (
				778F5384860036BA1EDC2511 /* Pods_RAC_MVVM.framework in Frameworks */,
			);
			runOnlyForDeploymentPostprocessing = 0;
		};
/* End PBXFrameworksBuildPhase section */

/* Begin PBXGroup section */
		0F3553BC706C261DF8CF0F0F /* Pods */ = {
			isa = PBXGroup;
			children = (
				E4364BD835505EAE5DD1BE79 /* Pods-RAC_OC.debug.xcconfig */,
				8BABBE32176547B507A18B52 /* Pods-RAC_OC.release.xcconfig */,
				B66D697EA19122C4A6FE7E77 /* Pods-RAC_Command.debug.xcconfig */,
				F8C20A54D55BF964E5AE2833 /* Pods-RAC_Command.release.xcconfig */,
				2B2B0D2746BD632E7D7B711F /* Pods-RAC_过滤.debug.xcconfig */,
				DE07C5225C852FC393571811 /* Pods-RAC_过滤.release.xcconfig */,
				82B96B7DD6ACEB08D6746175 /* Pods-RAC_映射.debug.xcconfig */,
				5774C0F9C3F9CC943EADEF96 /* Pods-RAC_映射.release.xcconfig */,
				5463B5EA9894EA252DA14CEC /* Pods-RAC_组合.debug.xcconfig */,
				BB548AFF83AFDC1E6A8DF687 /* Pods-RAC_组合.release.xcconfig */,
				6A94889C0BDF2EAFEADCCF54 /* Pods-RAC_MVVM.debug.xcconfig */,
				B6A8FEF0809C340351E571E7 /* Pods-RAC_MVVM.release.xcconfig */,
			);
			name = Pods;
			sourceTree = "<group>";
		};
		5B9C4753E2E69D4E220ED815 /* Frameworks */ = {
			isa = PBXGroup;
			children = (
				71A0A3A9604A436C3D2B14E3 /* Pods_RAC_OC.framework */,
				603DD1D75BA0823BC296CAF3 /* Pods_RAC_Command.framework */,
				57C04C518436CB6789618989 /* Pods_RAC___.framework */,
				B66E83807E262071DC016641 /* Pods_RAC_MVVM.framework */,
			);
			name = Frameworks;
			sourceTree = "<group>";
		};
		705CE4CF1DD96A8F001CBF84 /* RAC_Command */ = {
			isa = PBXGroup;
			children = (
				705CE4D31DD96A8F001CBF84 /* AppDelegate.h */,
				705CE4D41DD96A8F001CBF84 /* AppDelegate.m */,
				705CE4D61DD96A8F001CBF84 /* ViewController.h */,
				705CE4D71DD96A8F001CBF84 /* ViewController.m */,
				705CE4D91DD96A8F001CBF84 /* Main.storyboard */,
				705CE4DC1DD96A8F001CBF84 /* Assets.xcassets */,
				705CE4DE1DD96A8F001CBF84 /* LaunchScreen.storyboard */,
				705CE4E11DD96A8F001CBF84 /* Info.plist */,
				705CE4D01DD96A8F001CBF84 /* Supporting Files */,
			);
			path = RAC_Command;
			sourceTree = "<group>";
		};
		705CE4D01DD96A8F001CBF84 /* Supporting Files */ = {
			isa = PBXGroup;
			children = (
				705CE4D11DD96A8F001CBF84 /* main.m */,
			);
			name = "Supporting Files";
			sourceTree = "<group>";
		};
		705CE4EA1DD992C6001CBF84 /* RAC_过滤 */ = {
			isa = PBXGroup;
			children = (
				705CE4EE1DD992C6001CBF84 /* AppDelegate.h */,
				705CE4EF1DD992C6001CBF84 /* AppDelegate.m */,
				705CE4F11DD992C6001CBF84 /* ViewController.h */,
				705CE4F21DD992C6001CBF84 /* ViewController.m */,
				705CE4F41DD992C6001CBF84 /* Main.storyboard */,
				705CE4F71DD992C6001CBF84 /* Assets.xcassets */,
				705CE4F91DD992C6001CBF84 /* LaunchScreen.storyboard */,
				705CE4FC1DD992C6001CBF84 /* Info.plist */,
				705CE4EB1DD992C6001CBF84 /* Supporting Files */,
			);
			path = "RAC_过滤";
			sourceTree = "<group>";
		};
		705CE4EB1DD992C6001CBF84 /* Supporting Files */ = {
			isa = PBXGroup;
			children = (
				705CE4EC1DD992C6001CBF84 /* main.m */,
			);
			name = "Supporting Files";
			sourceTree = "<group>";
		};
		705CE5051DD99540001CBF84 /* RAC_映射 */ = {
			isa = PBXGroup;
			children = (
				705CE5091DD99540001CBF84 /* AppDelegate.h */,
				705CE50A1DD99540001CBF84 /* AppDelegate.m */,
				705CE50C1DD99540001CBF84 /* ViewController.h */,
				705CE50D1DD99540001CBF84 /* ViewController.m */,
				705CE50F1DD99540001CBF84 /* Main.storyboard */,
				705CE5121DD99540001CBF84 /* Assets.xcassets */,
				705CE5141DD99540001CBF84 /* LaunchScreen.storyboard */,
				705CE5171DD99540001CBF84 /* Info.plist */,
				705CE5061DD99540001CBF84 /* Supporting Files */,
			);
			path = "RAC_映射";
			sourceTree = "<group>";
		};
		705CE5061DD99540001CBF84 /* Supporting Files */ = {
			isa = PBXGroup;
			children = (
				705CE5071DD99540001CBF84 /* main.m */,
			);
			name = "Supporting Files";
			sourceTree = "<group>";
		};
		705CE5201DD99663001CBF84 /* RAC_组合 */ = {
			isa = PBXGroup;
			children = (
				705CE5241DD99663001CBF84 /* AppDelegate.h */,
				705CE5251DD99663001CBF84 /* AppDelegate.m */,
				705CE5271DD99663001CBF84 /* ViewController.h */,
				705CE5281DD99663001CBF84 /* ViewController.m */,
				705CE52A1DD99663001CBF84 /* Main.storyboard */,
				705CE52D1DD99663001CBF84 /* Assets.xcassets */,
				705CE52F1DD99663001CBF84 /* LaunchScreen.storyboard */,
				705CE5321DD99663001CBF84 /* Info.plist */,
				705CE5211DD99663001CBF84 /* Supporting Files */,
			);
			path = "RAC_组合";
			sourceTree = "<group>";
		};
		705CE5211DD99663001CBF84 /* Supporting Files */ = {
			isa = PBXGroup;
			children = (
				705CE5221DD99663001CBF84 /* main.m */,
			);
			name = "Supporting Files";
			sourceTree = "<group>";
		};
		709BB3311DD96883006B59A7 = {
			isa = PBXGroup;
			children = (
				709BB33C1DD96883006B59A7 /* RAC_OC */,
				705CE4CF1DD96A8F001CBF84 /* RAC_Command */,
				705CE4EA1DD992C6001CBF84 /* RAC_过滤 */,
				705CE5051DD99540001CBF84 /* RAC_映射 */,
				705CE5201DD99663001CBF84 /* RAC_组合 */,
				70F615961DDD4C9C00F8A67E /* RAC_MVVM */,
				709BB33B1DD96883006B59A7 /* Products */,
				0F3553BC706C261DF8CF0F0F /* Pods */,
				5B9C4753E2E69D4E220ED815 /* Frameworks */,
			);
			sourceTree = "<group>";
		};
		709BB33B1DD96883006B59A7 /* Products */ = {
			isa = PBXGroup;
			children = (
				709BB33A1DD96883006B59A7 /* RAC_OC.app */,
				705CE4CE1DD96A8F001CBF84 /* RAC_Command.app */,
				705CE4E91DD992C6001CBF84 /* RAC_过滤.app */,
				705CE5041DD99540001CBF84 /* RAC_映射.app */,
				705CE51F1DD99663001CBF84 /* RAC_组合.app */,
				70F615951DDD4C9C00F8A67E /* RAC_MVVM.app */,
			);
			name = Products;
			sourceTree = "<group>";
		};
		709BB33C1DD96883006B59A7 /* RAC_OC */ = {
			isa = PBXGroup;
			children = (
				709BB3401DD96883006B59A7 /* AppDelegate.h */,
				709BB3411DD96883006B59A7 /* AppDelegate.m */,
				709BB3431DD96883006B59A7 /* ViewController.h */,
				709BB3441DD96883006B59A7 /* ViewController.m */,
				708C2C191DDB5A0000D460B5 /* BindController.h */,
				708C2C1A1DDB5A0000D460B5 /* BindController.m */,
				708C2C1C1DDB5B1800D460B5 /* MulticastConnectionController.h */,
				708C2C1D1DDB5B1800D460B5 /* MulticastConnectionController.m */,
				708C2C1F1DDB5B8C00D460B5 /* SignalController.h */,
				708C2C201DDB5B8C00D460B5 /* SignalController.m */,
				708C2C221DDB5BEE00D460B5 /* SequenceController.h */,
				708C2C231DDB5BEE00D460B5 /* SequenceController.m */,
				708C2C251DDB606200D460B5 /* Subject0Controller.h */,
				708C2C261DDB606200D460B5 /* Subject0Controller.m */,
				708C2C281DDB609E00D460B5 /* Subject1Controller.h */,
				708C2C291DDB609E00D460B5 /* Subject1Controller.m */,
				709BB3461DD96883006B59A7 /* Main.storyboard */,
				709BB3491DD96883006B59A7 /* Assets.xcassets */,
				709BB34B1DD96883006B59A7 /* LaunchScreen.storyboard */,
				709BB34E1DD96883006B59A7 /* Info.plist */,
				709BB33D1DD96883006B59A7 /* Supporting Files */,
			);
			path = RAC_OC;
			sourceTree = "<group>";
		};
		709BB33D1DD96883006B59A7 /* Supporting Files */ = {
			isa = PBXGroup;
			children = (
				709BB33E1DD96883006B59A7 /* main.m */,
			);
			name = "Supporting Files";
			sourceTree = "<group>";
		};
		70F615961DDD4C9C00F8A67E /* RAC_MVVM */ = {
			isa = PBXGroup;
			children = (
				70F6159A1DDD4C9C00F8A67E /* AppDelegate.h */,
				70F6159B1DDD4C9C00F8A67E /* AppDelegate.m */,
				70F6159D1DDD4C9C00F8A67E /* ViewController.h */,
				70F6159E1DDD4C9C00F8A67E /* ViewController.m */,
				70F615B51DDD521400F8A67E /* LoginController.h */,
				70F615B61DDD521400F8A67E /* LoginController.m */,
				70F615AF1DDD4FBE00F8A67E /* RequestController.h */,
				70F615B01DDD4FBE00F8A67E /* RequestController.m */,
				70F615B21DDD4FCD00F8A67E /* RequestViewModel.h */,
				70F615B31DDD4FCD00F8A67E /* RequestViewModel.m */,
				70F615AC1DDD4D3D00F8A67E /* LoginViewModel.h */,
				70F615AD1DDD4D3D00F8A67E /* LoginViewModel.m */,
				70F615A01DDD4C9C00F8A67E /* Main.storyboard */,
				70F615A31DDD4C9C00F8A67E /* Assets.xcassets */,
				70F615A51DDD4C9C00F8A67E /* LaunchScreen.storyboard */,
				70F615A81DDD4C9C00F8A67E /* Info.plist */,
				70F615971DDD4C9C00F8A67E /* Supporting Files */,
			);
			path = RAC_MVVM;
			sourceTree = "<group>";
		};
		70F615971DDD4C9C00F8A67E /* Supporting Files */ = {
			isa = PBXGroup;
			children = (
				70F615981DDD4C9C00F8A67E /* main.m */,
			);
			name = "Supporting Files";
			sourceTree = "<group>";
		};
/* End PBXGroup section */

/* Begin PBXNativeTarget section */
		705CE4CD1DD96A8F001CBF84 /* RAC_Command */ = {
			isa = PBXNativeTarget;
			buildConfigurationList = 705CE4E21DD96A8F001CBF84 /* Build configuration list for PBXNativeTarget "RAC_Command" */;
			buildPhases = (
				7A7CBAE544FE96A9569C3686 /* 📦 Check Pods Manifest.lock */,
				705CE4CA1DD96A8F001CBF84 /* Sources */,
				705CE4CB1DD96A8F001CBF84 /* Frameworks */,
				705CE4CC1DD96A8F001CBF84 /* Resources */,
				85003B764FA0B75C7DB36A27 /* 📦 Embed Pods Frameworks */,
				A1D69B4711393078F3F7C522 /* 📦 Copy Pods Resources */,
			);
			buildRules = (
			);
			dependencies = (
			);
			name = RAC_Command;
			productName = RAC_Command;
			productReference = 705CE4CE1DD96A8F001CBF84 /* RAC_Command.app */;
			productType = "com.apple.product-type.application";
		};
		705CE4E81DD992C6001CBF84 /* RAC_过滤 */ = {
			isa = PBXNativeTarget;
			buildConfigurationList = 705CE4FF1DD992C6001CBF84 /* Build configuration list for PBXNativeTarget "RAC_过滤" */;
			buildPhases = (
				64A6208889437DA099F9E959 /* 📦 Check Pods Manifest.lock */,
				705CE4E51DD992C6001CBF84 /* Sources */,
				705CE4E61DD992C6001CBF84 /* Frameworks */,
				705CE4E71DD992C6001CBF84 /* Resources */,
				E4771CAF689FD7D81A54D8F4 /* 📦 Embed Pods Frameworks */,
				C51D451E894B66B12329FB34 /* 📦 Copy Pods Resources */,
			);
			buildRules = (
			);
			dependencies = (
			);
			name = "RAC_过滤";
			productName = "RAC_过滤";
			productReference = 705CE4E91DD992C6001CBF84 /* RAC_过滤.app */;
			productType = "com.apple.product-type.application";
		};
		705CE5031DD99540001CBF84 /* RAC_映射 */ = {
			isa = PBXNativeTarget;
			buildConfigurationList = 705CE51A1DD99540001CBF84 /* Build configuration list for PBXNativeTarget "RAC_映射" */;
			buildPhases = (
				6417F736B7F808F3D39C2DE4 /* 📦 Check Pods Manifest.lock */,
				705CE5001DD99540001CBF84 /* Sources */,
				705CE5011DD99540001CBF84 /* Frameworks */,
				705CE5021DD99540001CBF84 /* Resources */,
				6FFAFE16ABDB2687BC760C10 /* 📦 Embed Pods Frameworks */,
				D4FF35CB6AFAEA1926E85349 /* 📦 Copy Pods Resources */,
			);
			buildRules = (
			);
			dependencies = (
			);
			name = "RAC_映射";
			productName = "RAC_映射";
			productReference = 705CE5041DD99540001CBF84 /* RAC_映射.app */;
			productType = "com.apple.product-type.application";
		};
		705CE51E1DD99663001CBF84 /* RAC_组合 */ = {
			isa = PBXNativeTarget;
			buildConfigurationList = 705CE5351DD99663001CBF84 /* Build configuration list for PBXNativeTarget "RAC_组合" */;
			buildPhases = (
				40C4D56B32E9FD7CA31E27BD /* 📦 Check Pods Manifest.lock */,
				705CE51B1DD99663001CBF84 /* Sources */,
				705CE51C1DD99663001CBF84 /* Frameworks */,
				705CE51D1DD99663001CBF84 /* Resources */,
				4D947245F34E6D9B32E9349B /* 📦 Embed Pods Frameworks */,
				5A5113A426F7BA1B2751FA85 /* 📦 Copy Pods Resources */,
			);
			buildRules = (
			);
			dependencies = (
			);
			name = "RAC_组合";
			productName = "RAC_组合";
			productReference = 705CE51F1DD99663001CBF84 /* RAC_组合.app */;
			productType = "com.apple.product-type.application";
		};
		709BB3391DD96883006B59A7 /* RAC_OC */ = {
			isa = PBXNativeTarget;
			buildConfigurationList = 709BB3511DD96883006B59A7 /* Build configuration list for PBXNativeTarget "RAC_OC" */;
			buildPhases = (
				B033243E47A91CB0BDCFE5C3 /* 📦 Check Pods Manifest.lock */,
				709BB3361DD96883006B59A7 /* Sources */,
				709BB3371DD96883006B59A7 /* Frameworks */,
				709BB3381DD96883006B59A7 /* Resources */,
				6DE576F7678671360FB452C7 /* 📦 Embed Pods Frameworks */,
				C1F99665AAF29F3C7A808C60 /* 📦 Copy Pods Resources */,
			);
			buildRules = (
			);
			dependencies = (
			);
			name = RAC_OC;
			productName = RAC_OC;
			productReference = 709BB33A1DD96883006B59A7 /* RAC_OC.app */;
			productType = "com.apple.product-type.application";
		};
		70F615941DDD4C9C00F8A67E /* RAC_MVVM */ = {
			isa = PBXNativeTarget;
			buildConfigurationList = 70F615AB1DDD4C9C00F8A67E /* Build configuration list for PBXNativeTarget "RAC_MVVM" */;
			buildPhases = (
				35D9CF138DF4B021457B9A1B /* 📦 Check Pods Manifest.lock */,
				70F615911DDD4C9C00F8A67E /* Sources */,
				70F615921DDD4C9C00F8A67E /* Frameworks */,
				70F615931DDD4C9C00F8A67E /* Resources */,
				128B31AFD9DB6EC12BAA250F /* 📦 Embed Pods Frameworks */,
				3A00BFAD1D8F7A6B32AAFC1A /* 📦 Copy Pods Resources */,
			);
			buildRules = (
			);
			dependencies = (
			);
			name = RAC_MVVM;
			productName = RAC_MVVM;
			productReference = 70F615951DDD4C9C00F8A67E /* RAC_MVVM.app */;
			productType = "com.apple.product-type.application";
		};
/* End PBXNativeTarget section */

/* Begin PBXProject section */
		709BB3321DD96883006B59A7 /* Project object */ = {
			isa = PBXProject;
			attributes = {
				LastUpgradeCheck = 0800;
				ORGANIZATIONNAME = ST;
				TargetAttributes = {
					705CE4CD1DD96A8F001CBF84 = {
						CreatedOnToolsVersion = 8.0;
						DevelopmentTeam = Z25J3BA353;
						ProvisioningStyle = Automatic;
					};
					705CE4E81DD992C6001CBF84 = {
						CreatedOnToolsVersion = 8.0;
						DevelopmentTeam = Z25J3BA353;
						ProvisioningStyle = Automatic;
					};
					705CE5031DD99540001CBF84 = {
						CreatedOnToolsVersion = 8.0;
						DevelopmentTeam = Z25J3BA353;
						ProvisioningStyle = Automatic;
					};
					705CE51E1DD99663001CBF84 = {
						CreatedOnToolsVersion = 8.0;
						DevelopmentTeam = Z25J3BA353;
						ProvisioningStyle = Automatic;
					};
					709BB3391DD96883006B59A7 = {
						CreatedOnToolsVersion = 8.0;
						DevelopmentTeam = Z25J3BA353;
						ProvisioningStyle = Automatic;
					};
					70F615941DDD4C9C00F8A67E = {
						CreatedOnToolsVersion = 8.0;
						ProvisioningStyle = Automatic;
					};
				};
			};
			buildConfigurationList = 709BB3351DD96883006B59A7 /* Build configuration list for PBXProject "RAC_OC" */;
			compatibilityVersion = "Xcode 3.2";
			developmentRegion = English;
			hasScannedForEncodings = 0;
			knownRegions = (
				en,
				Base,
			);
			mainGroup = 709BB3311DD96883006B59A7;
			productRefGroup = 709BB33B1DD96883006B59A7 /* Products */;
			projectDirPath = "";
			projectRoot = "";
			targets = (
				709BB3391DD96883006B59A7 /* RAC_OC */,
				705CE4CD1DD96A8F001CBF84 /* RAC_Command */,
				705CE4E81DD992C6001CBF84 /* RAC_过滤 */,
				705CE5031DD99540001CBF84 /* RAC_映射 */,
				705CE51E1DD99663001CBF84 /* RAC_组合 */,
				70F615941DDD4C9C00F8A67E /* RAC_MVVM */,
			);
		};
/* End PBXProject section */

/* Begin PBXResourcesBuildPhase section */
		705CE4CC1DD96A8F001CBF84 /* Resources */ = {
			isa = PBXResourcesBuildPhase;
			buildActionMask = 2147483647;
			files = (
				705CE4E01DD96A8F001CBF84 /* LaunchScreen.storyboard in Resources */,
				705CE4DD1DD96A8F001CBF84 /* Assets.xcassets in Resources */,
				705CE4DB1DD96A8F001CBF84 /* Main.storyboard in Resources */,
			);
			runOnlyForDeploymentPostprocessing = 0;
		};
		705CE4E71DD992C6001CBF84 /* Resources */ = {
			isa = PBXResourcesBuildPhase;
			buildActionMask = 2147483647;
			files = (
				705CE4FB1DD992C6001CBF84 /* LaunchScreen.storyboard in Resources */,
				705CE4F81DD992C6001CBF84 /* Assets.xcassets in Resources */,
				705CE4F61DD992C6001CBF84 /* Main.storyboard in Resources */,
			);
			runOnlyForDeploymentPostprocessing = 0;
		};
		705CE5021DD99540001CBF84 /* Resources */ = {
			isa = PBXResourcesBuildPhase;
			buildActionMask = 2147483647;
			files = (
				705CE5161DD99540001CBF84 /* LaunchScreen.storyboard in Resources */,
				705CE5131DD99540001CBF84 /* Assets.xcassets in Resources */,
				705CE5111DD99540001CBF84 /* Main.storyboard in Resources */,
			);
			runOnlyForDeploymentPostprocessing = 0;
		};
		705CE51D1DD99663001CBF84 /* Resources */ = {
			isa = PBXResourcesBuildPhase;
			buildActionMask = 2147483647;
			files = (
				705CE5311DD99663001CBF84 /* LaunchScreen.storyboard in Resources */,
				705CE52E1DD99663001CBF84 /* Assets.xcassets in Resources */,
				705CE52C1DD99663001CBF84 /* Main.storyboard in Resources */,
			);
			runOnlyForDeploymentPostprocessing = 0;
		};
		709BB3381DD96883006B59A7 /* Resources */ = {
			isa = PBXResourcesBuildPhase;
			buildActionMask = 2147483647;
			files = (
				709BB34D1DD96883006B59A7 /* LaunchScreen.storyboard in Resources */,
				709BB34A1DD96883006B59A7 /* Assets.xcassets in Resources */,
				709BB3481DD96883006B59A7 /* Main.storyboard in Resources */,
			);
			runOnlyForDeploymentPostprocessing = 0;
		};
		70F615931DDD4C9C00F8A67E /* Resources */ = {
			isa = PBXResourcesBuildPhase;
			buildActionMask = 2147483647;
			files = (
				70F615A71DDD4C9C00F8A67E /* LaunchScreen.storyboard in Resources */,
				70F615A41DDD4C9C00F8A67E /* Assets.xcassets in Resources */,
				70F615A21DDD4C9C00F8A67E /* Main.storyboard in Resources */,
			);
			runOnlyForDeploymentPostprocessing = 0;
		};
/* End PBXResourcesBuildPhase section */

/* Begin PBXShellScriptBuildPhase section */
		128B31AFD9DB6EC12BAA250F /* 📦 Embed Pods Frameworks */ = {
			isa = PBXShellScriptBuildPhase;
			buildActionMask = 2147483647;
			files = (
			);
			inputPaths = (
			);
			name = "📦 Embed Pods Frameworks";
			outputPaths = (
			);
			runOnlyForDeploymentPostprocessing = 0;
			shellPath = /bin/sh;
			shellScript = "\"${SRCROOT}/Pods/Target Support Files/Pods-RAC_MVVM/Pods-RAC_MVVM-frameworks.sh\"\n";
			showEnvVarsInLog = 0;
		};
		35D9CF138DF4B021457B9A1B /* 📦 Check Pods Manifest.lock */ = {
			isa = PBXShellScriptBuildPhase;
			buildActionMask = 2147483647;
			files = (
			);
			inputPaths = (
			);
			name = "📦 Check Pods Manifest.lock";
			outputPaths = (
			);
			runOnlyForDeploymentPostprocessing = 0;
			shellPath = /bin/sh;
			shellScript = "diff \"${PODS_ROOT}/../Podfile.lock\" \"${PODS_ROOT}/Manifest.lock\" > /dev/null\nif [[ $? != 0 ]] ; then\n    cat << EOM\nerror: The sandbox is not in sync with the Podfile.lock. Run 'pod install' or update your CocoaPods installation.\nEOM\n    exit 1\nfi\n";
			showEnvVarsInLog = 0;
		};
		3A00BFAD1D8F7A6B32AAFC1A /* 📦 Copy Pods Resources */ = {
			isa = PBXShellScriptBuildPhase;
			buildActionMask = 2147483647;
			files = (
			);
			inputPaths = (
			);
			name = "📦 Copy Pods Resources";
			outputPaths = (
			);
			runOnlyForDeploymentPostprocessing = 0;
			shellPath = /bin/sh;
			shellScript = "\"${SRCROOT}/Pods/Target Support Files/Pods-RAC_MVVM/Pods-RAC_MVVM-resources.sh\"\n";
			showEnvVarsInLog = 0;
		};
		40C4D56B32E9FD7CA31E27BD /* 📦 Check Pods Manifest.lock */ = {
			isa = PBXShellScriptBuildPhase;
			buildActionMask = 2147483647;
			files = (
			);
			inputPaths = (
			);
			name = "📦 Check Pods Manifest.lock";
			outputPaths = (
			);
			runOnlyForDeploymentPostprocessing = 0;
			shellPath = /bin/sh;
			shellScript = "diff \"${PODS_ROOT}/../Podfile.lock\" \"${PODS_ROOT}/Manifest.lock\" > /dev/null\nif [[ $? != 0 ]] ; then\n    cat << EOM\nerror: The sandbox is not in sync with the Podfile.lock. Run 'pod install' or update your CocoaPods installation.\nEOM\n    exit 1\nfi\n";
			showEnvVarsInLog = 0;
		};
		4D947245F34E6D9B32E9349B /* 📦 Embed Pods Frameworks */ = {
			isa = PBXShellScriptBuildPhase;
			buildActionMask = 2147483647;
			files = (
			);
			inputPaths = (
			);
			name = "📦 Embed Pods Frameworks";
			outputPaths = (
			);
			runOnlyForDeploymentPostprocessing = 0;
			shellPath = /bin/sh;
			shellScript = "\"${SRCROOT}/Pods/Target Support Files/Pods-RAC_组合/Pods-RAC_组合-frameworks.sh\"\n";
			showEnvVarsInLog = 0;
		};
		5A5113A426F7BA1B2751FA85 /* 📦 Copy Pods Resources */ = {
			isa = PBXShellScriptBuildPhase;
			buildActionMask = 2147483647;
			files = (
			);
			inputPaths = (
			);
			name = "📦 Copy Pods Resources";
			outputPaths = (
			);
			runOnlyForDeploymentPostprocessing = 0;
			shellPath = /bin/sh;
			shellScript = "\"${SRCROOT}/Pods/Target Support Files/Pods-RAC_组合/Pods-RAC_组合-resources.sh\"\n";
			showEnvVarsInLog = 0;
		};
		6417F736B7F808F3D39C2DE4 /* 📦 Check Pods Manifest.lock */ = {
			isa = PBXShellScriptBuildPhase;
			buildActionMask = 2147483647;
			files = (
			);
			inputPaths = (
			);
			name = "📦 Check Pods Manifest.lock";
			outputPaths = (
			);
			runOnlyForDeploymentPostprocessing = 0;
			shellPath = /bin/sh;
			shellScript = "diff \"${PODS_ROOT}/../Podfile.lock\" \"${PODS_ROOT}/Manifest.lock\" > /dev/null\nif [[ $? != 0 ]] ; then\n    cat << EOM\nerror: The sandbox is not in sync with the Podfile.lock. Run 'pod install' or update your CocoaPods installation.\nEOM\n    exit 1\nfi\n";
			showEnvVarsInLog = 0;
		};
		64A6208889437DA099F9E959 /* 📦 Check Pods Manifest.lock */ = {
			isa = PBXShellScriptBuildPhase;
			buildActionMask = 2147483647;
			files = (
			);
			inputPaths = (
			);
			name = "📦 Check Pods Manifest.lock";
			outputPaths = (
			);
			runOnlyForDeploymentPostprocessing = 0;
			shellPath = /bin/sh;
			shellScript = "diff \"${PODS_ROOT}/../Podfile.lock\" \"${PODS_ROOT}/Manifest.lock\" > /dev/null\nif [[ $? != 0 ]] ; then\n    cat << EOM\nerror: The sandbox is not in sync with the Podfile.lock. Run 'pod install' or update your CocoaPods installation.\nEOM\n    exit 1\nfi\n";
			showEnvVarsInLog = 0;
		};
		6DE576F7678671360FB452C7 /* 📦 Embed Pods Frameworks */ = {
			isa = PBXShellScriptBuildPhase;
			buildActionMask = 2147483647;
			files = (
			);
			inputPaths = (
			);
			name = "📦 Embed Pods Frameworks";
			outputPaths = (
			);
			runOnlyForDeploymentPostprocessing = 0;
			shellPath = /bin/sh;
			shellScript = "\"${SRCROOT}/Pods/Target Support Files/Pods-RAC_OC/Pods-RAC_OC-frameworks.sh\"\n";
			showEnvVarsInLog = 0;
		};
		6FFAFE16ABDB2687BC760C10 /* 📦 Embed Pods Frameworks */ = {
			isa = PBXShellScriptBuildPhase;
			buildActionMask = 2147483647;
			files = (
			);
			inputPaths = (
			);
			name = "📦 Embed Pods Frameworks";
			outputPaths = (
			);
			runOnlyForDeploymentPostprocessing = 0;
			shellPath = /bin/sh;
			shellScript = "\"${SRCROOT}/Pods/Target Support Files/Pods-RAC_映射/Pods-RAC_映射-frameworks.sh\"\n";
			showEnvVarsInLog = 0;
		};
		7A7CBAE544FE96A9569C3686 /* 📦 Check Pods Manifest.lock */ = {
			isa = PBXShellScriptBuildPhase;
			buildActionMask = 2147483647;
			files = (
			);
			inputPaths = (
			);
			name = "📦 Check Pods Manifest.lock";
			outputPaths = (
			);
			runOnlyForDeploymentPostprocessing = 0;
			shellPath = /bin/sh;
			shellScript = "diff \"${PODS_ROOT}/../Podfile.lock\" \"${PODS_ROOT}/Manifest.lock\" > /dev/null\nif [[ $? != 0 ]] ; then\n    cat << EOM\nerror: The sandbox is not in sync with the Podfile.lock. Run 'pod install' or update your CocoaPods installation.\nEOM\n    exit 1\nfi\n";
			showEnvVarsInLog = 0;
		};
		85003B764FA0B75C7DB36A27 /* 📦 Embed Pods Frameworks */ = {
			isa = PBXShellScriptBuildPhase;
			buildActionMask = 2147483647;
			files = (
			);
			inputPaths = (
			);
			name = "📦 Embed Pods Frameworks";
			outputPaths = (
			);
			runOnlyForDeploymentPostprocessing = 0;
			shellPath = /bin/sh;
			shellScript = "\"${SRCROOT}/Pods/Target Support Files/Pods-RAC_Command/Pods-RAC_Command-frameworks.sh\"\n";
			showEnvVarsInLog = 0;
		};
		A1D69B4711393078F3F7C522 /* 📦 Copy Pods Resources */ = {
			isa = PBXShellScriptBuildPhase;
			buildActionMask = 2147483647;
			files = (
			);
			inputPaths = (
			);
			name = "📦 Copy Pods Resources";
			outputPaths = (
			);
			runOnlyForDeploymentPostprocessing = 0;
			shellPath = /bin/sh;
			shellScript = "\"${SRCROOT}/Pods/Target Support Files/Pods-RAC_Command/Pods-RAC_Command-resources.sh\"\n";
			showEnvVarsInLog = 0;
		};
		B033243E47A91CB0BDCFE5C3 /* 📦 Check Pods Manifest.lock */ = {
			isa = PBXShellScriptBuildPhase;
			buildActionMask = 2147483647;
			files = (
			);
			inputPaths = (
			);
			name = "📦 Check Pods Manifest.lock";
			outputPaths = (
			);
			runOnlyForDeploymentPostprocessing = 0;
			shellPath = /bin/sh;
			shellScript = "diff \"${PODS_ROOT}/../Podfile.lock\" \"${PODS_ROOT}/Manifest.lock\" > /dev/null\nif [[ $? != 0 ]] ; then\n    cat << EOM\nerror: The sandbox is not in sync with the Podfile.lock. Run 'pod install' or update your CocoaPods installation.\nEOM\n    exit 1\nfi\n";
			showEnvVarsInLog = 0;
		};
		C1F99665AAF29F3C7A808C60 /* 📦 Copy Pods Resources */ = {
			isa = PBXShellScriptBuildPhase;
			buildActionMask = 2147483647;
			files = (
			);
			inputPaths = (
			);
			name = "📦 Copy Pods Resources";
			outputPaths = (
			);
			runOnlyForDeploymentPostprocessing = 0;
			shellPath = /bin/sh;
			shellScript = "\"${SRCROOT}/Pods/Target Support Files/Pods-RAC_OC/Pods-RAC_OC-resources.sh\"\n";
			showEnvVarsInLog = 0;
		};
		C51D451E894B66B12329FB34 /* 📦 Copy Pods Resources */ = {
			isa = PBXShellScriptBuildPhase;
			buildActionMask = 2147483647;
			files = (
			);
			inputPaths = (
			);
			name = "📦 Copy Pods Resources";
			outputPaths = (
			);
			runOnlyForDeploymentPostprocessing = 0;
			shellPath = /bin/sh;
			shellScript = "\"${SRCROOT}/Pods/Target Support Files/Pods-RAC_过滤/Pods-RAC_过滤-resources.sh\"\n";
			showEnvVarsInLog = 0;
		};
		D4FF35CB6AFAEA1926E85349 /* 📦 Copy Pods Resources */ = {
			isa = PBXShellScriptBuildPhase;
			buildActionMask = 2147483647;
			files = (
			);
			inputPaths = (
			);
			name = "📦 Copy Pods Resources";
			outputPaths = (
			);
			runOnlyForDeploymentPostprocessing = 0;
			shellPath = /bin/sh;
			shellScript = "\"${SRCROOT}/Pods/Target Support Files/Pods-RAC_映射/Pods-RAC_映射-resources.sh\"\n";
			showEnvVarsInLog = 0;
		};
		E4771CAF689FD7D81A54D8F4 /* 📦 Embed Pods Frameworks */ = {
			isa = PBXShellScriptBuildPhase;
			buildActionMask = 2147483647;
			files = (
			);
			inputPaths = (
			);
			name = "📦 Embed Pods Frameworks";
			outputPaths = (
			);
			runOnlyForDeploymentPostprocessing = 0;
			shellPath = /bin/sh;
			shellScript = "\"${SRCROOT}/Pods/Target Support Files/Pods-RAC_过滤/Pods-RAC_过滤-frameworks.sh\"\n";
			showEnvVarsInLog = 0;
		};
/* End PBXShellScriptBuildPhase section */

/* Begin PBXSourcesBuildPhase section */
		705CE4CA1DD96A8F001CBF84 /* Sources */ = {
			isa = PBXSourcesBuildPhase;
			buildActionMask = 2147483647;
			files = (
				705CE4D81DD96A8F001CBF84 /* ViewController.m in Sources */,
				705CE4D51DD96A8F001CBF84 /* AppDelegate.m in Sources */,
				705CE4D21DD96A8F001CBF84 /* main.m in Sources */,
			);
			runOnlyForDeploymentPostprocessing = 0;
		};
		705CE4E51DD992C6001CBF84 /* Sources */ = {
			isa = PBXSourcesBuildPhase;
			buildActionMask = 2147483647;
			files = (
				705CE4F31DD992C6001CBF84 /* ViewController.m in Sources */,
				705CE4F01DD992C6001CBF84 /* AppDelegate.m in Sources */,
				705CE4ED1DD992C6001CBF84 /* main.m in Sources */,
			);
			runOnlyForDeploymentPostprocessing = 0;
		};
		705CE5001DD99540001CBF84 /* Sources */ = {
			isa = PBXSourcesBuildPhase;
			buildActionMask = 2147483647;
			files = (
				705CE50E1DD99540001CBF84 /* ViewController.m in Sources */,
				705CE50B1DD99540001CBF84 /* AppDelegate.m in Sources */,
				705CE5081DD99540001CBF84 /* main.m in Sources */,
			);
			runOnlyForDeploymentPostprocessing = 0;
		};
		705CE51B1DD99663001CBF84 /* Sources */ = {
			isa = PBXSourcesBuildPhase;
			buildActionMask = 2147483647;
			files = (
				705CE5291DD99663001CBF84 /* ViewController.m in Sources */,
				705CE5261DD99663001CBF84 /* AppDelegate.m in Sources */,
				705CE5231DD99663001CBF84 /* main.m in Sources */,
			);
			runOnlyForDeploymentPostprocessing = 0;
		};
		709BB3361DD96883006B59A7 /* Sources */ = {
			isa = PBXSourcesBuildPhase;
			buildActionMask = 2147483647;
			files = (
				708C2C2A1DDB609E00D460B5 /* Subject1Controller.m in Sources */,
				708C2C1B1DDB5A0000D460B5 /* BindController.m in Sources */,
				708C2C211DDB5B8C00D460B5 /* SignalController.m in Sources */,
				708C2C241DDB5BEE00D460B5 /* SequenceController.m in Sources */,
				708C2C271DDB606200D460B5 /* Subject0Controller.m in Sources */,
				709BB3451DD96883006B59A7 /* ViewController.m in Sources */,
				708C2C1E1DDB5B1800D460B5 /* MulticastConnectionController.m in Sources */,
				709BB3421DD96883006B59A7 /* AppDelegate.m in Sources */,
				709BB33F1DD96883006B59A7 /* main.m in Sources */,
			);
			runOnlyForDeploymentPostprocessing = 0;
		};
		70F615911DDD4C9C00F8A67E /* Sources */ = {
			isa = PBXSourcesBuildPhase;
			buildActionMask = 2147483647;
			files = (
				70F615B71DDD521400F8A67E /* LoginController.m in Sources */,
				70F615AE1DDD4D3D00F8A67E /* LoginViewModel.m in Sources */,
				70F6159F1DDD4C9C00F8A67E /* ViewController.m in Sources */,
				70F615B41DDD4FCD00F8A67E /* RequestViewModel.m in Sources */,
				70F615B11DDD4FBE00F8A67E /* RequestController.m in Sources */,
				70F6159C1DDD4C9C00F8A67E /* AppDelegate.m in Sources */,
				70F615991DDD4C9C00F8A67E /* main.m in Sources */,
			);
			runOnlyForDeploymentPostprocessing = 0;
		};
/* End PBXSourcesBuildPhase section */

/* Begin PBXVariantGroup section */
		705CE4D91DD96A8F001CBF84 /* Main.storyboard */ = {
			isa = PBXVariantGroup;
			children = (
				705CE4DA1DD96A8F001CBF84 /* Base */,
			);
			name = Main.storyboard;
			sourceTree = "<group>";
		};
		705CE4DE1DD96A8F001CBF84 /* LaunchScreen.storyboard */ = {
			isa = PBXVariantGroup;
			children = (
				705CE4DF1DD96A8F001CBF84 /* Base */,
			);
			name = LaunchScreen.storyboard;
			sourceTree = "<group>";
		};
		705CE4F41DD992C6001CBF84 /* Main.storyboard */ = {
			isa = PBXVariantGroup;
			children = (
				705CE4F51DD992C6001CBF84 /* Base */,
			);
			name = Main.storyboard;
			sourceTree = "<group>";
		};
		705CE4F91DD992C6001CBF84 /* LaunchScreen.storyboard */ = {
			isa = PBXVariantGroup;
			children = (
				705CE4FA1DD992C6001CBF84 /* Base */,
			);
			name = LaunchScreen.storyboard;
			sourceTree = "<group>";
		};
		705CE50F1DD99540001CBF84 /* Main.storyboard */ = {
			isa = PBXVariantGroup;
			children = (
				705CE5101DD99540001CBF84 /* Base */,
			);
			name = Main.storyboard;
			sourceTree = "<group>";
		};
		705CE5141DD99540001CBF84 /* LaunchScreen.storyboard */ = {
			isa = PBXVariantGroup;
			children = (
				705CE5151DD99540001CBF84 /* Base */,
			);
			name = LaunchScreen.storyboard;
			sourceTree = "<group>";
		};
		705CE52A1DD99663001CBF84 /* Main.storyboard */ = {
			isa = PBXVariantGroup;
			children = (
				705CE52B1DD99663001CBF84 /* Base */,
			);
			name = Main.storyboard;
			sourceTree = "<group>";
		};
		705CE52F1DD99663001CBF84 /* LaunchScreen.storyboard */ = {
			isa = PBXVariantGroup;
			children = (
				705CE5301DD99663001CBF84 /* Base */,
			);
			name = LaunchScreen.storyboard;
			sourceTree = "<group>";
		};
		709BB3461DD96883006B59A7 /* Main.storyboard */ = {
			isa = PBXVariantGroup;
			children = (
				709BB3471DD96883006B59A7 /* Base */,
			);
			name = Main.storyboard;
			sourceTree = "<group>";
		};
		709BB34B1DD96883006B59A7 /* LaunchScreen.storyboard */ = {
			isa = PBXVariantGroup;
			children = (
				709BB34C1DD96883006B59A7 /* Base */,
			);
			name = LaunchScreen.storyboard;
			sourceTree = "<group>";
		};
		70F615A01DDD4C9C00F8A67E /* Main.storyboard */ = {
			isa = PBXVariantGroup;
			children = (
				70F615A11DDD4C9C00F8A67E /* Base */,
			);
			name = Main.storyboard;
			sourceTree = "<group>";
		};
		70F615A51DDD4C9C00F8A67E /* LaunchScreen.storyboard */ = {
			isa = PBXVariantGroup;
			children = (
				70F615A61DDD4C9C00F8A67E /* Base */,
			);
			name = LaunchScreen.storyboard;
			sourceTree = "<group>";
		};
/* End PBXVariantGroup section */

/* Begin XCBuildConfiguration section */
		705CE4E31DD96A8F001CBF84 /* Debug */ = {
			isa = XCBuildConfiguration;
			baseConfigurationReference = B66D697EA19122C4A6FE7E77 /* Pods-RAC_Command.debug.xcconfig */;
			buildSettings = {
				ASSETCATALOG_COMPILER_APPICON_NAME = AppIcon;
				DEVELOPMENT_TEAM = Z25J3BA353;
				INFOPLIST_FILE = RAC_Command/Info.plist;
				LD_RUNPATH_SEARCH_PATHS = "$(inherited) @executable_path/Frameworks";
				PRODUCT_BUNDLE_IDENTIFIER = "com.st.cn.RAC-Command";
				PRODUCT_NAME = "$(TARGET_NAME)";
			};
			name = Debug;
		};
		705CE4E41DD96A8F001CBF84 /* Release */ = {
			isa = XCBuildConfiguration;
			baseConfigurationReference = F8C20A54D55BF964E5AE2833 /* Pods-RAC_Command.release.xcconfig */;
			buildSettings = {
				ASSETCATALOG_COMPILER_APPICON_NAME = AppIcon;
				DEVELOPMENT_TEAM = Z25J3BA353;
				INFOPLIST_FILE = RAC_Command/Info.plist;
				LD_RUNPATH_SEARCH_PATHS = "$(inherited) @executable_path/Frameworks";
				PRODUCT_BUNDLE_IDENTIFIER = "com.st.cn.RAC-Command";
				PRODUCT_NAME = "$(TARGET_NAME)";
			};
			name = Release;
		};
		705CE4FD1DD992C6001CBF84 /* Debug */ = {
			isa = XCBuildConfiguration;
			baseConfigurationReference = 2B2B0D2746BD632E7D7B711F /* Pods-RAC_过滤.debug.xcconfig */;
			buildSettings = {
				ASSETCATALOG_COMPILER_APPICON_NAME = AppIcon;
				DEVELOPMENT_TEAM = Z25J3BA353;
				INFOPLIST_FILE = "RAC_过滤/Info.plist";
				LD_RUNPATH_SEARCH_PATHS = "$(inherited) @executable_path/Frameworks";
				PRODUCT_BUNDLE_IDENTIFIER = "com.st.cn.RAC---";
				PRODUCT_NAME = "$(TARGET_NAME)";
			};
			name = Debug;
		};
		705CE4FE1DD992C6001CBF84 /* Release */ = {
			isa = XCBuildConfiguration;
			baseConfigurationReference = DE07C5225C852FC393571811 /* Pods-RAC_过滤.release.xcconfig */;
			buildSettings = {
				ASSETCATALOG_COMPILER_APPICON_NAME = AppIcon;
				DEVELOPMENT_TEAM = Z25J3BA353;
				INFOPLIST_FILE = "RAC_过滤/Info.plist";
				LD_RUNPATH_SEARCH_PATHS = "$(inherited) @executable_path/Frameworks";
				PRODUCT_BUNDLE_IDENTIFIER = "com.st.cn.RAC---";
				PRODUCT_NAME = "$(TARGET_NAME)";
			};
			name = Release;
		};
		705CE5181DD99540001CBF84 /* Debug */ = {
			isa = XCBuildConfiguration;
			baseConfigurationReference = 82B96B7DD6ACEB08D6746175 /* Pods-RAC_映射.debug.xcconfig */;
			buildSettings = {
				ASSETCATALOG_COMPILER_APPICON_NAME = AppIcon;
				DEVELOPMENT_TEAM = Z25J3BA353;
				INFOPLIST_FILE = "RAC_映射/Info.plist";
				LD_RUNPATH_SEARCH_PATHS = "$(inherited) @executable_path/Frameworks";
				PRODUCT_BUNDLE_IDENTIFIER = "com.st.cn.RAC---";
				PRODUCT_NAME = "$(TARGET_NAME)";
			};
			name = Debug;
		};
		705CE5191DD99540001CBF84 /* Release */ = {
			isa = XCBuildConfiguration;
			baseConfigurationReference = 5774C0F9C3F9CC943EADEF96 /* Pods-RAC_映射.release.xcconfig */;
			buildSettings = {
				ASSETCATALOG_COMPILER_APPICON_NAME = AppIcon;
				DEVELOPMENT_TEAM = Z25J3BA353;
				INFOPLIST_FILE = "RAC_映射/Info.plist";
				LD_RUNPATH_SEARCH_PATHS = "$(inherited) @executable_path/Frameworks";
				PRODUCT_BUNDLE_IDENTIFIER = "com.st.cn.RAC---";
				PRODUCT_NAME = "$(TARGET_NAME)";
			};
			name = Release;
		};
		705CE5331DD99663001CBF84 /* Debug */ = {
			isa = XCBuildConfiguration;
			baseConfigurationReference = 5463B5EA9894EA252DA14CEC /* Pods-RAC_组合.debug.xcconfig */;
			buildSettings = {
				ASSETCATALOG_COMPILER_APPICON_NAME = AppIcon;
				DEVELOPMENT_TEAM = Z25J3BA353;
				INFOPLIST_FILE = "RAC_组合/Info.plist";
				LD_RUNPATH_SEARCH_PATHS = "$(inherited) @executable_path/Frameworks";
				PRODUCT_BUNDLE_IDENTIFIER = "com.st.cn.RAC---";
				PRODUCT_NAME = "$(TARGET_NAME)";
			};
			name = Debug;
		};
		705CE5341DD99663001CBF84 /* Release */ = {
			isa = XCBuildConfiguration;
			baseConfigurationReference = BB548AFF83AFDC1E6A8DF687 /* Pods-RAC_组合.release.xcconfig */;
			buildSettings = {
				ASSETCATALOG_COMPILER_APPICON_NAME = AppIcon;
				DEVELOPMENT_TEAM = Z25J3BA353;
				INFOPLIST_FILE = "RAC_组合/Info.plist";
				LD_RUNPATH_SEARCH_PATHS = "$(inherited) @executable_path/Frameworks";
				PRODUCT_BUNDLE_IDENTIFIER = "com.st.cn.RAC---";
				PRODUCT_NAME = "$(TARGET_NAME)";
			};
			name = Release;
		};
		709BB34F1DD96883006B59A7 /* Debug */ = {
			isa = XCBuildConfiguration;
			buildSettings = {
				ALWAYS_SEARCH_USER_PATHS = NO;
				CLANG_ANALYZER_NONNULL = YES;
				CLANG_CXX_LANGUAGE_STANDARD = "gnu++0x";
				CLANG_CXX_LIBRARY = "libc++";
				CLANG_ENABLE_MODULES = YES;
				CLANG_ENABLE_OBJC_ARC = YES;
				CLANG_WARN_BOOL_CONVERSION = YES;
				CLANG_WARN_CONSTANT_CONVERSION = YES;
				CLANG_WARN_DIRECT_OBJC_ISA_USAGE = YES_ERROR;
				CLANG_WARN_DOCUMENTATION_COMMENTS = YES;
				CLANG_WARN_EMPTY_BODY = YES;
				CLANG_WARN_ENUM_CONVERSION = YES;
				CLANG_WARN_INFINITE_RECURSION = YES;
				CLANG_WARN_INT_CONVERSION = YES;
				CLANG_WARN_OBJC_ROOT_CLASS = YES_ERROR;
				CLANG_WARN_SUSPICIOUS_MOVES = YES;
				CLANG_WARN_UNREACHABLE_CODE = YES;
				CLANG_WARN__DUPLICATE_METHOD_MATCH = YES;
				"CODE_SIGN_IDENTITY[sdk=iphoneos*]" = "iPhone Developer";
				COPY_PHASE_STRIP = NO;
				DEBUG_INFORMATION_FORMAT = dwarf;
				ENABLE_STRICT_OBJC_MSGSEND = YES;
				ENABLE_TESTABILITY = YES;
				GCC_C_LANGUAGE_STANDARD = gnu99;
				GCC_DYNAMIC_NO_PIC = NO;
				GCC_NO_COMMON_BLOCKS = YES;
				GCC_OPTIMIZATION_LEVEL = 0;
				GCC_PREPROCESSOR_DEFINITIONS = (
					"DEBUG=1",
					"$(inherited)",
				);
				GCC_WARN_64_TO_32_BIT_CONVERSION = YES;
				GCC_WARN_ABOUT_RETURN_TYPE = YES_ERROR;
				GCC_WARN_UNDECLARED_SELECTOR = YES;
				GCC_WARN_UNINITIALIZED_AUTOS = YES_AGGRESSIVE;
				GCC_WARN_UNUSED_FUNCTION = YES;
				GCC_WARN_UNUSED_VARIABLE = YES;
				IPHONEOS_DEPLOYMENT_TARGET = 10.0;
				MTL_ENABLE_DEBUG_INFO = YES;
				ONLY_ACTIVE_ARCH = YES;
				SDKROOT = iphoneos;
			};
			name = Debug;
		};
		709BB3501DD96883006B59A7 /* Release */ = {
			isa = XCBuildConfiguration;
			buildSettings = {
				ALWAYS_SEARCH_USER_PATHS = NO;
				CLANG_ANALYZER_NONNULL = YES;
				CLANG_CXX_LANGUAGE_STANDARD = "gnu++0x";
				CLANG_CXX_LIBRARY = "libc++";
				CLANG_ENABLE_MODULES = YES;
				CLANG_ENABLE_OBJC_ARC = YES;
				CLANG_WARN_BOOL_CONVERSION = YES;
				CLANG_WARN_CONSTANT_CONVERSION = YES;
				CLANG_WARN_DIRECT_OBJC_ISA_USAGE = YES_ERROR;
				CLANG_WARN_DOCUMENTATION_COMMENTS = YES;
				CLANG_WARN_EMPTY_BODY = YES;
				CLANG_WARN_ENUM_CONVERSION = YES;
				CLANG_WARN_INFINITE_RECURSION = YES;
				CLANG_WARN_INT_CONVERSION = YES;
				CLANG_WARN_OBJC_ROOT_CLASS = YES_ERROR;
				CLANG_WARN_SUSPICIOUS_MOVES = YES;
				CLANG_WARN_UNREACHABLE_CODE = YES;
				CLANG_WARN__DUPLICATE_METHOD_MATCH = YES;
				"CODE_SIGN_IDENTITY[sdk=iphoneos*]" = "iPhone Developer";
				COPY_PHASE_STRIP = NO;
				DEBUG_INFORMATION_FORMAT = "dwarf-with-dsym";
				ENABLE_NS_ASSERTIONS = NO;
				ENABLE_STRICT_OBJC_MSGSEND = YES;
				GCC_C_LANGUAGE_STANDARD = gnu99;
				GCC_NO_COMMON_BLOCKS = YES;
				GCC_WARN_64_TO_32_BIT_CONVERSION = YES;
				GCC_WARN_ABOUT_RETURN_TYPE = YES_ERROR;
				GCC_WARN_UNDECLARED_SELECTOR = YES;
				GCC_WARN_UNINITIALIZED_AUTOS = YES_AGGRESSIVE;
				GCC_WARN_UNUSED_FUNCTION = YES;
				GCC_WARN_UNUSED_VARIABLE = YES;
				IPHONEOS_DEPLOYMENT_TARGET = 10.0;
				MTL_ENABLE_DEBUG_INFO = NO;
				SDKROOT = iphoneos;
				VALIDATE_PRODUCT = YES;
			};
			name = Release;
		};
		709BB3521DD96883006B59A7 /* Debug */ = {
			isa = XCBuildConfiguration;
			baseConfigurationReference = E4364BD835505EAE5DD1BE79 /* Pods-RAC_OC.debug.xcconfig */;
			buildSettings = {
				ASSETCATALOG_COMPILER_APPICON_NAME = AppIcon;
				"CODE_SIGN_IDENTITY[sdk=iphoneos*]" = "iPhone Developer";
				DEVELOPMENT_TEAM = Z25J3BA353;
				INFOPLIST_FILE = RAC_OC/Info.plist;
				LD_RUNPATH_SEARCH_PATHS = "$(inherited) @executable_path/Frameworks";
				PRODUCT_BUNDLE_IDENTIFIER = "com.st.cn.RAC-OC";
				PRODUCT_NAME = "$(TARGET_NAME)";
			};
			name = Debug;
		};
		709BB3531DD96883006B59A7 /* Release */ = {
			isa = XCBuildConfiguration;
			baseConfigurationReference = 8BABBE32176547B507A18B52 /* Pods-RAC_OC.release.xcconfig */;
			buildSettings = {
				ASSETCATALOG_COMPILER_APPICON_NAME = AppIcon;
				"CODE_SIGN_IDENTITY[sdk=iphoneos*]" = "iPhone Developer";
				DEVELOPMENT_TEAM = Z25J3BA353;
				INFOPLIST_FILE = RAC_OC/Info.plist;
				LD_RUNPATH_SEARCH_PATHS = "$(inherited) @executable_path/Frameworks";
				PRODUCT_BUNDLE_IDENTIFIER = "com.st.cn.RAC-OC";
				PRODUCT_NAME = "$(TARGET_NAME)";
			};
			name = Release;
		};
		70F615A91DDD4C9C00F8A67E /* Debug */ = {
			isa = XCBuildConfiguration;
			baseConfigurationReference = 6A94889C0BDF2EAFEADCCF54 /* Pods-RAC_MVVM.debug.xcconfig */;
			buildSettings = {
				ASSETCATALOG_COMPILER_APPICON_NAME = AppIcon;
				INFOPLIST_FILE = RAC_MVVM/Info.plist;
				LD_RUNPATH_SEARCH_PATHS = "$(inherited) @executable_path/Frameworks";
				PRODUCT_BUNDLE_IDENTIFIER = "com.st.cn.RAC-MVVM";
				PRODUCT_NAME = "$(TARGET_NAME)";
			};
			name = Debug;
		};
		70F615AA1DDD4C9C00F8A67E /* Release */ = {
			isa = XCBuildConfiguration;
			baseConfigurationReference = B6A8FEF0809C340351E571E7 /* Pods-RAC_MVVM.release.xcconfig */;
			buildSettings = {
				ASSETCATALOG_COMPILER_APPICON_NAME = AppIcon;
				INFOPLIST_FILE = RAC_MVVM/Info.plist;
				LD_RUNPATH_SEARCH_PATHS = "$(inherited) @executable_path/Frameworks";
				PRODUCT_BUNDLE_IDENTIFIER = "com.st.cn.RAC-MVVM";
				PRODUCT_NAME = "$(TARGET_NAME)";
			};
			name = Release;
		};
/* End XCBuildConfiguration section */

/* Begin XCConfigurationList section */
		705CE4E21DD96A8F001CBF84 /* Build configuration list for PBXNativeTarget "RAC_Command" */ = {
			isa = XCConfigurationList;
			buildConfigurations = (
				705CE4E31DD96A8F001CBF84 /* Debug */,
				705CE4E41DD96A8F001CBF84 /* Release */,
			);
			defaultConfigurationIsVisible = 0;
			defaultConfigurationName = Release;
		};
		705CE4FF1DD992C6001CBF84 /* Build configuration list for PBXNativeTarget "RAC_过滤" */ = {
			isa = XCConfigurationList;
			buildConfigurations = (
				705CE4FD1DD992C6001CBF84 /* Debug */,
				705CE4FE1DD992C6001CBF84 /* Release */,
			);
			defaultConfigurationIsVisible = 0;
			defaultConfigurationName = Release;
		};
		705CE51A1DD99540001CBF84 /* Build configuration list for PBXNativeTarget "RAC_映射" */ = {
			isa = XCConfigurationList;
			buildConfigurations = (
				705CE5181DD99540001CBF84 /* Debug */,
				705CE5191DD99540001CBF84 /* Release */,
			);
			defaultConfigurationIsVisible = 0;
			defaultConfigurationName = Release;
		};
		705CE5351DD99663001CBF84 /* Build configuration list for PBXNativeTarget "RAC_组合" */ = {
			isa = XCConfigurationList;
			buildConfigurations = (
				705CE5331DD99663001CBF84 /* Debug */,
				705CE5341DD99663001CBF84 /* Release */,
			);
			defaultConfigurationIsVisible = 0;
			defaultConfigurationName = Release;
		};
		709BB3351DD96883006B59A7 /* Build configuration list for PBXProject "RAC_OC" */ = {
			isa = XCConfigurationList;
			buildConfigurations = (
				709BB34F1DD96883006B59A7 /* Debug */,
				709BB3501DD96883006B59A7 /* Release */,
			);
			defaultConfigurationIsVisible = 0;
			defaultConfigurationName = Release;
		};
		709BB3511DD96883006B59A7 /* Build configuration list for PBXNativeTarget "RAC_OC" */ = {
			isa = XCConfigurationList;
			buildConfigurations = (
				709BB3521DD96883006B59A7 /* Debug */,
				709BB3531DD96883006B59A7 /* Release */,
			);
			defaultConfigurationIsVisible = 0;
			defaultConfigurationName = Release;
		};
		70F615AB1DDD4C9C00F8A67E /* Build configuration list for PBXNativeTarget "RAC_MVVM" */ = {
			isa = XCConfigurationList;
			buildConfigurations = (
				70F615A91DDD4C9C00F8A67E /* Debug */,
				70F615AA1DDD4C9C00F8A67E /* Release */,
			);
			defaultConfigurationIsVisible = 0;
			defaultConfigurationName = Release;
		};
/* End XCConfigurationList section */
	};
	rootObject = 709BB3321DD96883006B59A7 /* Project object */;
}
