<?xml version="1.0" encoding="UTF-8"?>
<!DOCTYPE plist PUBLIC "-//Apple//DTD PLIST 1.0//EN" "http://www.apple.com/DTDs/PropertyList-1.0.dtd">
<plist version="1.0">
<dict>
	<key>archiveVersion</key>
	<string>1</string>
	<key>classes</key>
	<dict/>
	<key>objectVersion</key>
	<string>46</string>
	<key>objects</key>
	<dict>
		<key>0F3553BC706C261DF8CF0F0F</key>
		<dict>
			<key>children</key>
			<array>
				<string>E4364BD835505EAE5DD1BE79</string>
				<string>8BABBE32176547B507A18B52</string>
				<string>B66D697EA19122C4A6FE7E77</string>
				<string>F8C20A54D55BF964E5AE2833</string>
				<string>2B2B0D2746BD632E7D7B711F</string>
				<string>DE07C5225C852FC393571811</string>
				<string>82B96B7DD6ACEB08D6746175</string>
				<string>5774C0F9C3F9CC943EADEF96</string>
				<string>5463B5EA9894EA252DA14CEC</string>
				<string>BB548AFF83AFDC1E6A8DF687</string>
			</array>
			<key>isa</key>
			<string>PBXGroup</string>
			<key>name</key>
			<string>Pods</string>
			<key>sourceTree</key>
			<string>&lt;group&gt;</string>
		</dict>
		<key>2A682F5E648917A47F3BBE0D</key>
		<dict>
			<key>fileRef</key>
			<string>603DD1D75BA0823BC296CAF3</string>
			<key>isa</key>
			<string>PBXBuildFile</string>
		</dict>
		<key>2B2B0D2746BD632E7D7B711F</key>
		<dict>
			<key>includeInIndex</key>
			<string>1</string>
			<key>isa</key>
			<string>PBXFileReference</string>
			<key>lastKnownFileType</key>
			<string>text.xcconfig</string>
			<key>name</key>
			<string>Pods-RAC_&#36807;&#28388;.debug.xcconfig</string>
			<key>path</key>
			<string>Pods/Target Support Files/Pods-RAC_&#36807;&#28388;/Pods-RAC_&#36807;&#28388;.debug.xcconfig</string>
			<key>sourceTree</key>
			<string>&lt;group&gt;</string>
		</dict>
		<key>2D1899B2DB990AA45D15E7F8</key>
		<dict>
			<key>fileRef</key>
			<string>57C04C518436CB6789618989</string>
			<key>isa</key>
			<string>PBXBuildFile</string>
		</dict>
		<key>40C4D56B32E9FD7CA31E27BD</key>
		<dict>
			<key>buildActionMask</key>
			<string>2147483647</string>
			<key>files</key>
			<array/>
			<key>inputPaths</key>
			<array/>
			<key>isa</key>
			<string>PBXShellScriptBuildPhase</string>
			<key>name</key>
			<string>&#128230; Check Pods Manifest.lock</string>
			<key>outputPaths</key>
			<array/>
			<key>runOnlyForDeploymentPostprocessing</key>
			<string>0</string>
			<key>shellPath</key>
			<string>/bin/sh</string>
			<key>shellScript</key>
			<string>diff "${PODS_ROOT}/../Podfile.lock" "${PODS_ROOT}/Manifest.lock" &gt; /dev/null
if [[ $? != 0 ]] ; then
    cat &lt;&lt; EOM
error: The sandbox is not in sync with the Podfile.lock. Run 'pod install' or update your CocoaPods installation.
EOM
    exit 1
fi
</string>
			<key>showEnvVarsInLog</key>
			<string>0</string>
		</dict>
		<key>4D947245F34E6D9B32E9349B</key>
		<dict>
			<key>buildActionMask</key>
			<string>2147483647</string>
			<key>files</key>
			<array/>
			<key>inputPaths</key>
			<array/>
			<key>isa</key>
			<string>PBXShellScriptBuildPhase</string>
			<key>name</key>
			<string>&#128230; Embed Pods Frameworks</string>
			<key>outputPaths</key>
			<array/>
			<key>runOnlyForDeploymentPostprocessing</key>
			<string>0</string>
			<key>shellPath</key>
			<string>/bin/sh</string>
			<key>shellScript</key>
			<string>"${SRCROOT}/Pods/Target Support Files/Pods-RAC_&#32452;&#21512;/Pods-RAC_&#32452;&#21512;-frameworks.sh"
</string>
			<key>showEnvVarsInLog</key>
			<string>0</string>
		</dict>
		<key>5463B5EA9894EA252DA14CEC</key>
		<dict>
			<key>includeInIndex</key>
			<string>1</string>
			<key>isa</key>
			<string>PBXFileReference</string>
			<key>lastKnownFileType</key>
			<string>text.xcconfig</string>
			<key>name</key>
			<string>Pods-RAC_&#32452;&#21512;.debug.xcconfig</string>
			<key>path</key>
			<string>Pods/Target Support Files/Pods-RAC_&#32452;&#21512;/Pods-RAC_&#32452;&#21512;.debug.xcconfig</string>
			<key>sourceTree</key>
			<string>&lt;group&gt;</string>
		</dict>
		<key>5774C0F9C3F9CC943EADEF96</key>
		<dict>
			<key>includeInIndex</key>
			<string>1</string>
			<key>isa</key>
			<string>PBXFileReference</string>
			<key>lastKnownFileType</key>
			<string>text.xcconfig</string>
			<key>name</key>
			<string>Pods-RAC_&#26144;&#23556;.release.xcconfig</string>
			<key>path</key>
			<string>Pods/Target Support Files/Pods-RAC_&#26144;&#23556;/Pods-RAC_&#26144;&#23556;.release.xcconfig</string>
			<key>sourceTree</key>
			<string>&lt;group&gt;</string>
		</dict>
		<key>57C04C518436CB6789618989</key>
		<dict>
			<key>explicitFileType</key>
			<string>wrapper.framework</string>
			<key>includeInIndex</key>
			<string>0</string>
			<key>isa</key>
			<string>PBXFileReference</string>
			<key>path</key>
			<string>Pods_RAC___.framework</string>
			<key>sourceTree</key>
			<string>BUILT_PRODUCTS_DIR</string>
		</dict>
		<key>5A5113A426F7BA1B2751FA85</key>
		<dict>
			<key>buildActionMask</key>
			<string>2147483647</string>
			<key>files</key>
			<array/>
			<key>inputPaths</key>
			<array/>
			<key>isa</key>
			<string>PBXShellScriptBuildPhase</string>
			<key>name</key>
			<string>&#128230; Copy Pods Resources</string>
			<key>outputPaths</key>
			<array/>
			<key>runOnlyForDeploymentPostprocessing</key>
			<string>0</string>
			<key>shellPath</key>
			<string>/bin/sh</string>
			<key>shellScript</key>
			<string>"${SRCROOT}/Pods/Target Support Files/Pods-RAC_&#32452;&#21512;/Pods-RAC_&#32452;&#21512;-resources.sh"
</string>
			<key>showEnvVarsInLog</key>
			<string>0</string>
		</dict>
		<key>5B9C4753E2E69D4E220ED815</key>
		<dict>
			<key>children</key>
			<array>
				<string>71A0A3A9604A436C3D2B14E3</string>
				<string>603DD1D75BA0823BC296CAF3</string>
				<string>57C04C518436CB6789618989</string>
			</array>
			<key>isa</key>
			<string>PBXGroup</string>
			<key>name</key>
			<string>Frameworks</string>
			<key>sourceTree</key>
			<string>&lt;group&gt;</string>
		</dict>
		<key>603DD1D75BA0823BC296CAF3</key>
		<dict>
			<key>explicitFileType</key>
			<string>wrapper.framework</string>
			<key>includeInIndex</key>
			<string>0</string>
			<key>isa</key>
			<string>PBXFileReference</string>
			<key>path</key>
			<string>Pods_RAC_Command.framework</string>
			<key>sourceTree</key>
			<string>BUILT_PRODUCTS_DIR</string>
		</dict>
		<key>6417F736B7F808F3D39C2DE4</key>
		<dict>
			<key>buildActionMask</key>
			<string>2147483647</string>
			<key>files</key>
			<array/>
			<key>inputPaths</key>
			<array/>
			<key>isa</key>
			<string>PBXShellScriptBuildPhase</string>
			<key>name</key>
			<string>&#128230; Check Pods Manifest.lock</string>
			<key>outputPaths</key>
			<array/>
			<key>runOnlyForDeploymentPostprocessing</key>
			<string>0</string>
			<key>shellPath</key>
			<string>/bin/sh</string>
			<key>shellScript</key>
			<string>diff "${PODS_ROOT}/../Podfile.lock" "${PODS_ROOT}/Manifest.lock" &gt; /dev/null
if [[ $? != 0 ]] ; then
    cat &lt;&lt; EOM
error: The sandbox is not in sync with the Podfile.lock. Run 'pod install' or update your CocoaPods installation.
EOM
    exit 1
fi
</string>
			<key>showEnvVarsInLog</key>
			<string>0</string>
		</dict>
		<key>64A6208889437DA099F9E959</key>
		<dict>
			<key>buildActionMask</key>
			<string>2147483647</string>
			<key>files</key>
			<array/>
			<key>inputPaths</key>
			<array/>
			<key>isa</key>
			<string>PBXShellScriptBuildPhase</string>
			<key>name</key>
			<string>&#128230; Check Pods Manifest.lock</string>
			<key>outputPaths</key>
			<array/>
			<key>runOnlyForDeploymentPostprocessing</key>
			<string>0</string>
			<key>shellPath</key>
			<string>/bin/sh</string>
			<key>shellScript</key>
			<string>diff "${PODS_ROOT}/../Podfile.lock" "${PODS_ROOT}/Manifest.lock" &gt; /dev/null
if [[ $? != 0 ]] ; then
    cat &lt;&lt; EOM
error: The sandbox is not in sync with the Podfile.lock. Run 'pod install' or update your CocoaPods installation.
EOM
    exit 1
fi
</string>
			<key>showEnvVarsInLog</key>
			<string>0</string>
		</dict>
		<key>6D848363A5B2DEC7A61BEA73</key>
		<dict>
			<key>fileRef</key>
			<string>71A0A3A9604A436C3D2B14E3</string>
			<key>isa</key>
			<string>PBXBuildFile</string>
		</dict>
		<key>6DE576F7678671360FB452C7</key>
		<dict>
			<key>buildActionMask</key>
			<string>2147483647</string>
			<key>files</key>
			<array/>
			<key>inputPaths</key>
			<array/>
			<key>isa</key>
			<string>PBXShellScriptBuildPhase</string>
			<key>name</key>
			<string>&#128230; Embed Pods Frameworks</string>
			<key>outputPaths</key>
			<array/>
			<key>runOnlyForDeploymentPostprocessing</key>
			<string>0</string>
			<key>shellPath</key>
			<string>/bin/sh</string>
			<key>shellScript</key>
			<string>"${SRCROOT}/Pods/Target Support Files/Pods-RAC_OC/Pods-RAC_OC-frameworks.sh"
</string>
			<key>showEnvVarsInLog</key>
			<string>0</string>
		</dict>
		<key>6FFAFE16ABDB2687BC760C10</key>
		<dict>
			<key>buildActionMask</key>
			<string>2147483647</string>
			<key>files</key>
			<array/>
			<key>inputPaths</key>
			<array/>
			<key>isa</key>
			<string>PBXShellScriptBuildPhase</string>
			<key>name</key>
			<string>&#128230; Embed Pods Frameworks</string>
			<key>outputPaths</key>
			<array/>
			<key>runOnlyForDeploymentPostprocessing</key>
			<string>0</string>
			<key>shellPath</key>
			<string>/bin/sh</string>
			<key>shellScript</key>
			<string>"${SRCROOT}/Pods/Target Support Files/Pods-RAC_&#26144;&#23556;/Pods-RAC_&#26144;&#23556;-frameworks.sh"
</string>
			<key>showEnvVarsInLog</key>
			<string>0</string>
		</dict>
		<key>705CE4CA1DD96A8F001CBF84</key>
		<dict>
			<key>buildActionMask</key>
			<string>2147483647</string>
			<key>files</key>
			<array>
				<string>705CE4D81DD96A8F001CBF84</string>
				<string>705CE4D51DD96A8F001CBF84</string>
				<string>705CE4D21DD96A8F001CBF84</string>
			</array>
			<key>isa</key>
			<string>PBXSourcesBuildPhase</string>
			<key>runOnlyForDeploymentPostprocessing</key>
			<string>0</string>
		</dict>
		<key>705CE4CB1DD96A8F001CBF84</key>
		<dict>
			<key>buildActionMask</key>
			<string>2147483647</string>
			<key>files</key>
			<array>
				<string>2A682F5E648917A47F3BBE0D</string>
			</array>
			<key>isa</key>
			<string>PBXFrameworksBuildPhase</string>
			<key>runOnlyForDeploymentPostprocessing</key>
			<string>0</string>
		</dict>
		<key>705CE4CC1DD96A8F001CBF84</key>
		<dict>
			<key>buildActionMask</key>
			<string>2147483647</string>
			<key>files</key>
			<array>
				<string>705CE4E01DD96A8F001CBF84</string>
				<string>705CE4DD1DD96A8F001CBF84</string>
				<string>705CE4DB1DD96A8F001CBF84</string>
			</array>
			<key>isa</key>
			<string>PBXResourcesBuildPhase</string>
			<key>runOnlyForDeploymentPostprocessing</key>
			<string>0</string>
		</dict>
		<key>705CE4CD1DD96A8F001CBF84</key>
		<dict>
			<key>buildConfigurationList</key>
			<string>705CE4E21DD96A8F001CBF84</string>
			<key>buildPhases</key>
			<array>
				<string>7A7CBAE544FE96A9569C3686</string>
				<string>705CE4CA1DD96A8F001CBF84</string>
				<string>705CE4CB1DD96A8F001CBF84</string>
				<string>705CE4CC1DD96A8F001CBF84</string>
				<string>85003B764FA0B75C7DB36A27</string>
				<string>A1D69B4711393078F3F7C522</string>
			</array>
			<key>buildRules</key>
			<array/>
			<key>dependencies</key>
			<array/>
			<key>isa</key>
			<string>PBXNativeTarget</string>
			<key>name</key>
			<string>RAC_Command</string>
			<key>productName</key>
			<string>RAC_Command</string>
			<key>productReference</key>
			<string>705CE4CE1DD96A8F001CBF84</string>
			<key>productType</key>
			<string>com.apple.product-type.application</string>
		</dict>
		<key>705CE4CE1DD96A8F001CBF84</key>
		<dict>
			<key>explicitFileType</key>
			<string>wrapper.application</string>
			<key>includeInIndex</key>
			<string>0</string>
			<key>isa</key>
			<string>PBXFileReference</string>
			<key>path</key>
			<string>RAC_Command.app</string>
			<key>sourceTree</key>
			<string>BUILT_PRODUCTS_DIR</string>
		</dict>
		<key>705CE4CF1DD96A8F001CBF84</key>
		<dict>
			<key>children</key>
			<array>
				<string>705CE4D31DD96A8F001CBF84</string>
				<string>705CE4D41DD96A8F001CBF84</string>
				<string>705CE4D61DD96A8F001CBF84</string>
				<string>705CE4D71DD96A8F001CBF84</string>
				<string>705CE4D91DD96A8F001CBF84</string>
				<string>705CE4DC1DD96A8F001CBF84</string>
				<string>705CE4DE1DD96A8F001CBF84</string>
				<string>705CE4E11DD96A8F001CBF84</string>
				<string>705CE4D01DD96A8F001CBF84</string>
			</array>
			<key>isa</key>
			<string>PBXGroup</string>
			<key>path</key>
			<string>RAC_Command</string>
			<key>sourceTree</key>
			<string>&lt;group&gt;</string>
		</dict>
		<key>705CE4D01DD96A8F001CBF84</key>
		<dict>
			<key>children</key>
			<array>
				<string>705CE4D11DD96A8F001CBF84</string>
			</array>
			<key>isa</key>
			<string>PBXGroup</string>
			<key>name</key>
			<string>Supporting Files</string>
			<key>sourceTree</key>
			<string>&lt;group&gt;</string>
		</dict>
		<key>705CE4D11DD96A8F001CBF84</key>
		<dict>
			<key>isa</key>
			<string>PBXFileReference</string>
			<key>lastKnownFileType</key>
			<string>sourcecode.c.objc</string>
			<key>path</key>
			<string>main.m</string>
			<key>sourceTree</key>
			<string>&lt;group&gt;</string>
		</dict>
		<key>705CE4D21DD96A8F001CBF84</key>
		<dict>
			<key>fileRef</key>
			<string>705CE4D11DD96A8F001CBF84</string>
			<key>isa</key>
			<string>PBXBuildFile</string>
		</dict>
		<key>705CE4D31DD96A8F001CBF84</key>
		<dict>
			<key>isa</key>
			<string>PBXFileReference</string>
			<key>lastKnownFileType</key>
			<string>sourcecode.c.h</string>
			<key>path</key>
			<string>AppDelegate.h</string>
			<key>sourceTree</key>
			<string>&lt;group&gt;</string>
		</dict>
		<key>705CE4D41DD96A8F001CBF84</key>
		<dict>
			<key>isa</key>
			<string>PBXFileReference</string>
			<key>lastKnownFileType</key>
			<string>sourcecode.c.objc</string>
			<key>path</key>
			<string>AppDelegate.m</string>
			<key>sourceTree</key>
			<string>&lt;group&gt;</string>
		</dict>
		<key>705CE4D51DD96A8F001CBF84</key>
		<dict>
			<key>fileRef</key>
			<string>705CE4D41DD96A8F001CBF84</string>
			<key>isa</key>
			<string>PBXBuildFile</string>
		</dict>
		<key>705CE4D61DD96A8F001CBF84</key>
		<dict>
			<key>isa</key>
			<string>PBXFileReference</string>
			<key>lastKnownFileType</key>
			<string>sourcecode.c.h</string>
			<key>path</key>
			<string>ViewController.h</string>
			<key>sourceTree</key>
			<string>&lt;group&gt;</string>
		</dict>
		<key>705CE4D71DD96A8F001CBF84</key>
		<dict>
			<key>isa</key>
			<string>PBXFileReference</string>
			<key>lastKnownFileType</key>
			<string>sourcecode.c.objc</string>
			<key>path</key>
			<string>ViewController.m</string>
			<key>sourceTree</key>
			<string>&lt;group&gt;</string>
		</dict>
		<key>705CE4D81DD96A8F001CBF84</key>
		<dict>
			<key>fileRef</key>
			<string>705CE4D71DD96A8F001CBF84</string>
			<key>isa</key>
			<string>PBXBuildFile</string>
		</dict>
		<key>705CE4D91DD96A8F001CBF84</key>
		<dict>
			<key>children</key>
			<array>
				<string>705CE4DA1DD96A8F001CBF84</string>
			</array>
			<key>isa</key>
			<string>PBXVariantGroup</string>
			<key>name</key>
			<string>Main.storyboard</string>
			<key>sourceTree</key>
			<string>&lt;group&gt;</string>
		</dict>
		<key>705CE4DA1DD96A8F001CBF84</key>
		<dict>
			<key>isa</key>
			<string>PBXFileReference</string>
			<key>lastKnownFileType</key>
			<string>file.storyboard</string>
			<key>name</key>
			<string>Base</string>
			<key>path</key>
			<string>Base.lproj/Main.storyboard</string>
			<key>sourceTree</key>
			<string>&lt;group&gt;</string>
		</dict>
		<key>705CE4DB1DD96A8F001CBF84</key>
		<dict>
			<key>fileRef</key>
			<string>705CE4D91DD96A8F001CBF84</string>
			<key>isa</key>
			<string>PBXBuildFile</string>
		</dict>
		<key>705CE4DC1DD96A8F001CBF84</key>
		<dict>
			<key>isa</key>
			<string>PBXFileReference</string>
			<key>lastKnownFileType</key>
			<string>folder.assetcatalog</string>
			<key>path</key>
			<string>Assets.xcassets</string>
			<key>sourceTree</key>
			<string>&lt;group&gt;</string>
		</dict>
		<key>705CE4DD1DD96A8F001CBF84</key>
		<dict>
			<key>fileRef</key>
			<string>705CE4DC1DD96A8F001CBF84</string>
			<key>isa</key>
			<string>PBXBuildFile</string>
		</dict>
		<key>705CE4DE1DD96A8F001CBF84</key>
		<dict>
			<key>children</key>
			<array>
				<string>705CE4DF1DD96A8F001CBF84</string>
			</array>
			<key>isa</key>
			<string>PBXVariantGroup</string>
			<key>name</key>
			<string>LaunchScreen.storyboard</string>
			<key>sourceTree</key>
			<string>&lt;group&gt;</string>
		</dict>
		<key>705CE4DF1DD96A8F001CBF84</key>
		<dict>
			<key>isa</key>
			<string>PBXFileReference</string>
			<key>lastKnownFileType</key>
			<string>file.storyboard</string>
			<key>name</key>
			<string>Base</string>
			<key>path</key>
			<string>Base.lproj/LaunchScreen.storyboard</string>
			<key>sourceTree</key>
			<string>&lt;group&gt;</string>
		</dict>
		<key>705CE4E01DD96A8F001CBF84</key>
		<dict>
			<key>fileRef</key>
			<string>705CE4DE1DD96A8F001CBF84</string>
			<key>isa</key>
			<string>PBXBuildFile</string>
		</dict>
		<key>705CE4E11DD96A8F001CBF84</key>
		<dict>
			<key>isa</key>
			<string>PBXFileReference</string>
			<key>lastKnownFileType</key>
			<string>text.plist.xml</string>
			<key>path</key>
			<string>Info.plist</string>
			<key>sourceTree</key>
			<string>&lt;group&gt;</string>
		</dict>
		<key>705CE4E21DD96A8F001CBF84</key>
		<dict>
			<key>buildConfigurations</key>
			<array>
				<string>705CE4E31DD96A8F001CBF84</string>
				<string>705CE4E41DD96A8F001CBF84</string>
			</array>
			<key>defaultConfigurationIsVisible</key>
			<string>0</string>
			<key>defaultConfigurationName</key>
			<string>Release</string>
			<key>isa</key>
			<string>XCConfigurationList</string>
		</dict>
		<key>705CE4E31DD96A8F001CBF84</key>
		<dict>
			<key>baseConfigurationReference</key>
			<string>B66D697EA19122C4A6FE7E77</string>
			<key>buildSettings</key>
			<dict>
				<key>ASSETCATALOG_COMPILER_APPICON_NAME</key>
				<string>AppIcon</string>
				<key>DEVELOPMENT_TEAM</key>
				<string>Z25J3BA353</string>
				<key>INFOPLIST_FILE</key>
				<string>RAC_Command/Info.plist</string>
				<key>LD_RUNPATH_SEARCH_PATHS</key>
				<string>$(inherited) @executable_path/Frameworks</string>
				<key>PRODUCT_BUNDLE_IDENTIFIER</key>
				<string>com.st.cn.RAC-Command</string>
				<key>PRODUCT_NAME</key>
				<string>$(TARGET_NAME)</string>
			</dict>
			<key>isa</key>
			<string>XCBuildConfiguration</string>
			<key>name</key>
			<string>Debug</string>
		</dict>
		<key>705CE4E41DD96A8F001CBF84</key>
		<dict>
			<key>baseConfigurationReference</key>
			<string>F8C20A54D55BF964E5AE2833</string>
			<key>buildSettings</key>
			<dict>
				<key>ASSETCATALOG_COMPILER_APPICON_NAME</key>
				<string>AppIcon</string>
				<key>DEVELOPMENT_TEAM</key>
				<string>Z25J3BA353</string>
				<key>INFOPLIST_FILE</key>
				<string>RAC_Command/Info.plist</string>
				<key>LD_RUNPATH_SEARCH_PATHS</key>
				<string>$(inherited) @executable_path/Frameworks</string>
				<key>PRODUCT_BUNDLE_IDENTIFIER</key>
				<string>com.st.cn.RAC-Command</string>
				<key>PRODUCT_NAME</key>
				<string>$(TARGET_NAME)</string>
			</dict>
			<key>isa</key>
			<string>XCBuildConfiguration</string>
			<key>name</key>
			<string>Release</string>
		</dict>
		<key>705CE4E51DD992C6001CBF84</key>
		<dict>
			<key>buildActionMask</key>
			<string>2147483647</string>
			<key>files</key>
			<array>
				<string>705CE4F31DD992C6001CBF84</string>
				<string>705CE4F01DD992C6001CBF84</string>
				<string>705CE4ED1DD992C6001CBF84</string>
			</array>
			<key>isa</key>
			<string>PBXSourcesBuildPhase</string>
			<key>runOnlyForDeploymentPostprocessing</key>
			<string>0</string>
		</dict>
		<key>705CE4E61DD992C6001CBF84</key>
		<dict>
			<key>buildActionMask</key>
			<string>2147483647</string>
			<key>files</key>
			<array>
				<string>2D1899B2DB990AA45D15E7F8</string>
			</array>
			<key>isa</key>
			<string>PBXFrameworksBuildPhase</string>
			<key>runOnlyForDeploymentPostprocessing</key>
			<string>0</string>
		</dict>
		<key>705CE4E71DD992C6001CBF84</key>
		<dict>
			<key>buildActionMask</key>
			<string>2147483647</string>
			<key>files</key>
			<array>
				<string>705CE4FB1DD992C6001CBF84</string>
				<string>705CE4F81DD992C6001CBF84</string>
				<string>705CE4F61DD992C6001CBF84</string>
			</array>
			<key>isa</key>
			<string>PBXResourcesBuildPhase</string>
			<key>runOnlyForDeploymentPostprocessing</key>
			<string>0</string>
		</dict>
		<key>705CE4E81DD992C6001CBF84</key>
		<dict>
			<key>buildConfigurationList</key>
			<string>705CE4FF1DD992C6001CBF84</string>
			<key>buildPhases</key>
			<array>
				<string>64A6208889437DA099F9E959</string>
				<string>705CE4E51DD992C6001CBF84</string>
				<string>705CE4E61DD992C6001CBF84</string>
				<string>705CE4E71DD992C6001CBF84</string>
				<string>E4771CAF689FD7D81A54D8F4</string>
				<string>C51D451E894B66B12329FB34</string>
			</array>
			<key>buildRules</key>
			<array/>
			<key>dependencies</key>
			<array/>
			<key>isa</key>
			<string>PBXNativeTarget</string>
			<key>name</key>
			<string>RAC_&#36807;&#28388;</string>
			<key>productName</key>
			<string>RAC_&#36807;&#28388;</string>
			<key>productReference</key>
			<string>705CE4E91DD992C6001CBF84</string>
			<key>productType</key>
			<string>com.apple.product-type.application</string>
		</dict>
		<key>705CE4E91DD992C6001CBF84</key>
		<dict>
			<key>explicitFileType</key>
			<string>wrapper.application</string>
			<key>includeInIndex</key>
			<string>0</string>
			<key>isa</key>
			<string>PBXFileReference</string>
			<key>path</key>
			<string>RAC_&#36807;&#28388;.app</string>
			<key>sourceTree</key>
			<string>BUILT_PRODUCTS_DIR</string>
		</dict>
		<key>705CE4EA1DD992C6001CBF84</key>
		<dict>
			<key>children</key>
			<array>
				<string>705CE4EE1DD992C6001CBF84</string>
				<string>705CE4EF1DD992C6001CBF84</string>
				<string>705CE4F11DD992C6001CBF84</string>
				<string>705CE4F21DD992C6001CBF84</string>
				<string>705CE4F41DD992C6001CBF84</string>
				<string>705CE4F71DD992C6001CBF84</string>
				<string>705CE4F91DD992C6001CBF84</string>
				<string>705CE4FC1DD992C6001CBF84</string>
				<string>705CE4EB1DD992C6001CBF84</string>
			</array>
			<key>isa</key>
			<string>PBXGroup</string>
			<key>path</key>
			<string>RAC_&#36807;&#28388;</string>
			<key>sourceTree</key>
			<string>&lt;group&gt;</string>
		</dict>
		<key>705CE4EB1DD992C6001CBF84</key>
		<dict>
			<key>children</key>
			<array>
				<string>705CE4EC1DD992C6001CBF84</string>
			</array>
			<key>isa</key>
			<string>PBXGroup</string>
			<key>name</key>
			<string>Supporting Files</string>
			<key>sourceTree</key>
			<string>&lt;group&gt;</string>
		</dict>
		<key>705CE4EC1DD992C6001CBF84</key>
		<dict>
			<key>isa</key>
			<string>PBXFileReference</string>
			<key>lastKnownFileType</key>
			<string>sourcecode.c.objc</string>
			<key>path</key>
			<string>main.m</string>
			<key>sourceTree</key>
			<string>&lt;group&gt;</string>
		</dict>
		<key>705CE4ED1DD992C6001CBF84</key>
		<dict>
			<key>fileRef</key>
			<string>705CE4EC1DD992C6001CBF84</string>
			<key>isa</key>
			<string>PBXBuildFile</string>
		</dict>
		<key>705CE4EE1DD992C6001CBF84</key>
		<dict>
			<key>isa</key>
			<string>PBXFileReference</string>
			<key>lastKnownFileType</key>
			<string>sourcecode.c.h</string>
			<key>path</key>
			<string>AppDelegate.h</string>
			<key>sourceTree</key>
			<string>&lt;group&gt;</string>
		</dict>
		<key>705CE4EF1DD992C6001CBF84</key>
		<dict>
			<key>isa</key>
			<string>PBXFileReference</string>
			<key>lastKnownFileType</key>
			<string>sourcecode.c.objc</string>
			<key>path</key>
			<string>AppDelegate.m</string>
			<key>sourceTree</key>
			<string>&lt;group&gt;</string>
		</dict>
		<key>705CE4F01DD992C6001CBF84</key>
		<dict>
			<key>fileRef</key>
			<string>705CE4EF1DD992C6001CBF84</string>
			<key>isa</key>
			<string>PBXBuildFile</string>
		</dict>
		<key>705CE4F11DD992C6001CBF84</key>
		<dict>
			<key>isa</key>
			<string>PBXFileReference</string>
			<key>lastKnownFileType</key>
			<string>sourcecode.c.h</string>
			<key>path</key>
			<string>ViewController.h</string>
			<key>sourceTree</key>
			<string>&lt;group&gt;</string>
		</dict>
		<key>705CE4F21DD992C6001CBF84</key>
		<dict>
			<key>isa</key>
			<string>PBXFileReference</string>
			<key>lastKnownFileType</key>
			<string>sourcecode.c.objc</string>
			<key>path</key>
			<string>ViewController.m</string>
			<key>sourceTree</key>
			<string>&lt;group&gt;</string>
		</dict>
		<key>705CE4F31DD992C6001CBF84</key>
		<dict>
			<key>fileRef</key>
			<string>705CE4F21DD992C6001CBF84</string>
			<key>isa</key>
			<string>PBXBuildFile</string>
		</dict>
		<key>705CE4F41DD992C6001CBF84</key>
		<dict>
			<key>children</key>
			<array>
				<string>705CE4F51DD992C6001CBF84</string>
			</array>
			<key>isa</key>
			<string>PBXVariantGroup</string>
			<key>name</key>
			<string>Main.storyboard</string>
			<key>sourceTree</key>
			<string>&lt;group&gt;</string>
		</dict>
		<key>705CE4F51DD992C6001CBF84</key>
		<dict>
			<key>isa</key>
			<string>PBXFileReference</string>
			<key>lastKnownFileType</key>
			<string>file.storyboard</string>
			<key>name</key>
			<string>Base</string>
			<key>path</key>
			<string>Base.lproj/Main.storyboard</string>
			<key>sourceTree</key>
			<string>&lt;group&gt;</string>
		</dict>
		<key>705CE4F61DD992C6001CBF84</key>
		<dict>
			<key>fileRef</key>
			<string>705CE4F41DD992C6001CBF84</string>
			<key>isa</key>
			<string>PBXBuildFile</string>
		</dict>
		<key>705CE4F71DD992C6001CBF84</key>
		<dict>
			<key>isa</key>
			<string>PBXFileReference</string>
			<key>lastKnownFileType</key>
			<string>folder.assetcatalog</string>
			<key>path</key>
			<string>Assets.xcassets</string>
			<key>sourceTree</key>
			<string>&lt;group&gt;</string>
		</dict>
		<key>705CE4F81DD992C6001CBF84</key>
		<dict>
			<key>fileRef</key>
			<string>705CE4F71DD992C6001CBF84</string>
			<key>isa</key>
			<string>PBXBuildFile</string>
		</dict>
		<key>705CE4F91DD992C6001CBF84</key>
		<dict>
			<key>children</key>
			<array>
				<string>705CE4FA1DD992C6001CBF84</string>
			</array>
			<key>isa</key>
			<string>PBXVariantGroup</string>
			<key>name</key>
			<string>LaunchScreen.storyboard</string>
			<key>sourceTree</key>
			<string>&lt;group&gt;</string>
		</dict>
		<key>705CE4FA1DD992C6001CBF84</key>
		<dict>
			<key>isa</key>
			<string>PBXFileReference</string>
			<key>lastKnownFileType</key>
			<string>file.storyboard</string>
			<key>name</key>
			<string>Base</string>
			<key>path</key>
			<string>Base.lproj/LaunchScreen.storyboard</string>
			<key>sourceTree</key>
			<string>&lt;group&gt;</string>
		</dict>
		<key>705CE4FB1DD992C6001CBF84</key>
		<dict>
			<key>fileRef</key>
			<string>705CE4F91DD992C6001CBF84</string>
			<key>isa</key>
			<string>PBXBuildFile</string>
		</dict>
		<key>705CE4FC1DD992C6001CBF84</key>
		<dict>
			<key>isa</key>
			<string>PBXFileReference</string>
			<key>lastKnownFileType</key>
			<string>text.plist.xml</string>
			<key>path</key>
			<string>Info.plist</string>
			<key>sourceTree</key>
			<string>&lt;group&gt;</string>
		</dict>
		<key>705CE4FD1DD992C6001CBF84</key>
		<dict>
			<key>baseConfigurationReference</key>
			<string>2B2B0D2746BD632E7D7B711F</string>
			<key>buildSettings</key>
			<dict>
				<key>ASSETCATALOG_COMPILER_APPICON_NAME</key>
				<string>AppIcon</string>
				<key>DEVELOPMENT_TEAM</key>
				<string>Z25J3BA353</string>
				<key>INFOPLIST_FILE</key>
				<string>RAC_&#36807;&#28388;/Info.plist</string>
				<key>LD_RUNPATH_SEARCH_PATHS</key>
				<string>$(inherited) @executable_path/Frameworks</string>
				<key>PRODUCT_BUNDLE_IDENTIFIER</key>
				<string>com.st.cn.RAC---</string>
				<key>PRODUCT_NAME</key>
				<string>$(TARGET_NAME)</string>
			</dict>
			<key>isa</key>
			<string>XCBuildConfiguration</string>
			<key>name</key>
			<string>Debug</string>
		</dict>
		<key>705CE4FE1DD992C6001CBF84</key>
		<dict>
			<key>baseConfigurationReference</key>
			<string>DE07C5225C852FC393571811</string>
			<key>buildSettings</key>
			<dict>
				<key>ASSETCATALOG_COMPILER_APPICON_NAME</key>
				<string>AppIcon</string>
				<key>DEVELOPMENT_TEAM</key>
				<string>Z25J3BA353</string>
				<key>INFOPLIST_FILE</key>
				<string>RAC_&#36807;&#28388;/Info.plist</string>
				<key>LD_RUNPATH_SEARCH_PATHS</key>
				<string>$(inherited) @executable_path/Frameworks</string>
				<key>PRODUCT_BUNDLE_IDENTIFIER</key>
				<string>com.st.cn.RAC---</string>
				<key>PRODUCT_NAME</key>
				<string>$(TARGET_NAME)</string>
			</dict>
			<key>isa</key>
			<string>XCBuildConfiguration</string>
			<key>name</key>
			<string>Release</string>
		</dict>
		<key>705CE4FF1DD992C6001CBF84</key>
		<dict>
			<key>buildConfigurations</key>
			<array>
				<string>705CE4FD1DD992C6001CBF84</string>
				<string>705CE4FE1DD992C6001CBF84</string>
			</array>
			<key>defaultConfigurationIsVisible</key>
			<string>0</string>
			<key>defaultConfigurationName</key>
			<string>Release</string>
			<key>isa</key>
			<string>XCConfigurationList</string>
		</dict>
		<key>705CE5001DD99540001CBF84</key>
		<dict>
			<key>buildActionMask</key>
			<string>2147483647</string>
			<key>files</key>
			<array>
				<string>705CE50E1DD99540001CBF84</string>
				<string>705CE50B1DD99540001CBF84</string>
				<string>705CE5081DD99540001CBF84</string>
			</array>
			<key>isa</key>
			<string>PBXSourcesBuildPhase</string>
			<key>runOnlyForDeploymentPostprocessing</key>
			<string>0</string>
		</dict>
		<key>705CE5011DD99540001CBF84</key>
		<dict>
			<key>buildActionMask</key>
			<string>2147483647</string>
			<key>files</key>
			<array>
				<string>C34F5CC6FD0C7AF30B2D1BFE</string>
			</array>
			<key>isa</key>
			<string>PBXFrameworksBuildPhase</string>
			<key>runOnlyForDeploymentPostprocessing</key>
			<string>0</string>
		</dict>
		<key>705CE5021DD99540001CBF84</key>
		<dict>
			<key>buildActionMask</key>
			<string>2147483647</string>
			<key>files</key>
			<array>
				<string>705CE5161DD99540001CBF84</string>
				<string>705CE5131DD99540001CBF84</string>
				<string>705CE5111DD99540001CBF84</string>
			</array>
			<key>isa</key>
			<string>PBXResourcesBuildPhase</string>
			<key>runOnlyForDeploymentPostprocessing</key>
			<string>0</string>
		</dict>
		<key>705CE5031DD99540001CBF84</key>
		<dict>
			<key>buildConfigurationList</key>
			<string>705CE51A1DD99540001CBF84</string>
			<key>buildPhases</key>
			<array>
				<string>6417F736B7F808F3D39C2DE4</string>
				<string>705CE5001DD99540001CBF84</string>
				<string>705CE5011DD99540001CBF84</string>
				<string>705CE5021DD99540001CBF84</string>
				<string>6FFAFE16ABDB2687BC760C10</string>
				<string>D4FF35CB6AFAEA1926E85349</string>
			</array>
			<key>buildRules</key>
			<array/>
			<key>dependencies</key>
			<array/>
			<key>isa</key>
			<string>PBXNativeTarget</string>
			<key>name</key>
			<string>RAC_&#26144;&#23556;</string>
			<key>productName</key>
			<string>RAC_&#26144;&#23556;</string>
			<key>productReference</key>
			<string>705CE5041DD99540001CBF84</string>
			<key>productType</key>
			<string>com.apple.product-type.application</string>
		</dict>
		<key>705CE5041DD99540001CBF84</key>
		<dict>
			<key>explicitFileType</key>
			<string>wrapper.application</string>
			<key>includeInIndex</key>
			<string>0</string>
			<key>isa</key>
			<string>PBXFileReference</string>
			<key>path</key>
			<string>RAC_&#26144;&#23556;.app</string>
			<key>sourceTree</key>
			<string>BUILT_PRODUCTS_DIR</string>
		</dict>
		<key>705CE5051DD99540001CBF84</key>
		<dict>
			<key>children</key>
			<array>
				<string>705CE5091DD99540001CBF84</string>
				<string>705CE50A1DD99540001CBF84</string>
				<string>705CE50C1DD99540001CBF84</string>
				<string>705CE50D1DD99540001CBF84</string>
				<string>705CE50F1DD99540001CBF84</string>
				<string>705CE5121DD99540001CBF84</string>
				<string>705CE5141DD99540001CBF84</string>
				<string>705CE5171DD99540001CBF84</string>
				<string>705CE5061DD99540001CBF84</string>
			</array>
			<key>isa</key>
			<string>PBXGroup</string>
			<key>path</key>
			<string>RAC_&#26144;&#23556;</string>
			<key>sourceTree</key>
			<string>&lt;group&gt;</string>
		</dict>
		<key>705CE5061DD99540001CBF84</key>
		<dict>
			<key>children</key>
			<array>
				<string>705CE5071DD99540001CBF84</string>
			</array>
			<key>isa</key>
			<string>PBXGroup</string>
			<key>name</key>
			<string>Supporting Files</string>
			<key>sourceTree</key>
			<string>&lt;group&gt;</string>
		</dict>
		<key>705CE5071DD99540001CBF84</key>
		<dict>
			<key>isa</key>
			<string>PBXFileReference</string>
			<key>lastKnownFileType</key>
			<string>sourcecode.c.objc</string>
			<key>path</key>
			<string>main.m</string>
			<key>sourceTree</key>
			<string>&lt;group&gt;</string>
		</dict>
		<key>705CE5081DD99540001CBF84</key>
		<dict>
			<key>fileRef</key>
			<string>705CE5071DD99540001CBF84</string>
			<key>isa</key>
			<string>PBXBuildFile</string>
		</dict>
		<key>705CE5091DD99540001CBF84</key>
		<dict>
			<key>isa</key>
			<string>PBXFileReference</string>
			<key>lastKnownFileType</key>
			<string>sourcecode.c.h</string>
			<key>path</key>
			<string>AppDelegate.h</string>
			<key>sourceTree</key>
			<string>&lt;group&gt;</string>
		</dict>
		<key>705CE50A1DD99540001CBF84</key>
		<dict>
			<key>isa</key>
			<string>PBXFileReference</string>
			<key>lastKnownFileType</key>
			<string>sourcecode.c.objc</string>
			<key>path</key>
			<string>AppDelegate.m</string>
			<key>sourceTree</key>
			<string>&lt;group&gt;</string>
		</dict>
		<key>705CE50B1DD99540001CBF84</key>
		<dict>
			<key>fileRef</key>
			<string>705CE50A1DD99540001CBF84</string>
			<key>isa</key>
			<string>PBXBuildFile</string>
		</dict>
		<key>705CE50C1DD99540001CBF84</key>
		<dict>
			<key>isa</key>
			<string>PBXFileReference</string>
			<key>lastKnownFileType</key>
			<string>sourcecode.c.h</string>
			<key>path</key>
			<string>ViewController.h</string>
			<key>sourceTree</key>
			<string>&lt;group&gt;</string>
		</dict>
		<key>705CE50D1DD99540001CBF84</key>
		<dict>
			<key>isa</key>
			<string>PBXFileReference</string>
			<key>lastKnownFileType</key>
			<string>sourcecode.c.objc</string>
			<key>path</key>
			<string>ViewController.m</string>
			<key>sourceTree</key>
			<string>&lt;group&gt;</string>
		</dict>
		<key>705CE50E1DD99540001CBF84</key>
		<dict>
			<key>fileRef</key>
			<string>705CE50D1DD99540001CBF84</string>
			<key>isa</key>
			<string>PBXBuildFile</string>
		</dict>
		<key>705CE50F1DD99540001CBF84</key>
		<dict>
			<key>children</key>
			<array>
				<string>705CE5101DD99540001CBF84</string>
			</array>
			<key>isa</key>
			<string>PBXVariantGroup</string>
			<key>name</key>
			<string>Main.storyboard</string>
			<key>sourceTree</key>
			<string>&lt;group&gt;</string>
		</dict>
		<key>705CE5101DD99540001CBF84</key>
		<dict>
			<key>isa</key>
			<string>PBXFileReference</string>
			<key>lastKnownFileType</key>
			<string>file.storyboard</string>
			<key>name</key>
			<string>Base</string>
			<key>path</key>
			<string>Base.lproj/Main.storyboard</string>
			<key>sourceTree</key>
			<string>&lt;group&gt;</string>
		</dict>
		<key>705CE5111DD99540001CBF84</key>
		<dict>
			<key>fileRef</key>
			<string>705CE50F1DD99540001CBF84</string>
			<key>isa</key>
			<string>PBXBuildFile</string>
		</dict>
		<key>705CE5121DD99540001CBF84</key>
		<dict>
			<key>isa</key>
			<string>PBXFileReference</string>
			<key>lastKnownFileType</key>
			<string>folder.assetcatalog</string>
			<key>path</key>
			<string>Assets.xcassets</string>
			<key>sourceTree</key>
			<string>&lt;group&gt;</string>
		</dict>
		<key>705CE5131DD99540001CBF84</key>
		<dict>
			<key>fileRef</key>
			<string>705CE5121DD99540001CBF84</string>
			<key>isa</key>
			<string>PBXBuildFile</string>
		</dict>
		<key>705CE5141DD99540001CBF84</key>
		<dict>
			<key>children</key>
			<array>
				<string>705CE5151DD99540001CBF84</string>
			</array>
			<key>isa</key>
			<string>PBXVariantGroup</string>
			<key>name</key>
			<string>LaunchScreen.storyboard</string>
			<key>sourceTree</key>
			<string>&lt;group&gt;</string>
		</dict>
		<key>705CE5151DD99540001CBF84</key>
		<dict>
			<key>isa</key>
			<string>PBXFileReference</string>
			<key>lastKnownFileType</key>
			<string>file.storyboard</string>
			<key>name</key>
			<string>Base</string>
			<key>path</key>
			<string>Base.lproj/LaunchScreen.storyboard</string>
			<key>sourceTree</key>
			<string>&lt;group&gt;</string>
		</dict>
		<key>705CE5161DD99540001CBF84</key>
		<dict>
			<key>fileRef</key>
			<string>705CE5141DD99540001CBF84</string>
			<key>isa</key>
			<string>PBXBuildFile</string>
		</dict>
		<key>705CE5171DD99540001CBF84</key>
		<dict>
			<key>isa</key>
			<string>PBXFileReference</string>
			<key>lastKnownFileType</key>
			<string>text.plist.xml</string>
			<key>path</key>
			<string>Info.plist</string>
			<key>sourceTree</key>
			<string>&lt;group&gt;</string>
		</dict>
		<key>705CE5181DD99540001CBF84</key>
		<dict>
			<key>baseConfigurationReference</key>
			<string>82B96B7DD6ACEB08D6746175</string>
			<key>buildSettings</key>
			<dict>
				<key>ASSETCATALOG_COMPILER_APPICON_NAME</key>
				<string>AppIcon</string>
				<key>DEVELOPMENT_TEAM</key>
				<string>Z25J3BA353</string>
				<key>INFOPLIST_FILE</key>
				<string>RAC_&#26144;&#23556;/Info.plist</string>
				<key>LD_RUNPATH_SEARCH_PATHS</key>
				<string>$(inherited) @executable_path/Frameworks</string>
				<key>PRODUCT_BUNDLE_IDENTIFIER</key>
				<string>com.st.cn.RAC---</string>
				<key>PRODUCT_NAME</key>
				<string>$(TARGET_NAME)</string>
			</dict>
			<key>isa</key>
			<string>XCBuildConfiguration</string>
			<key>name</key>
			<string>Debug</string>
		</dict>
		<key>705CE5191DD99540001CBF84</key>
		<dict>
			<key>baseConfigurationReference</key>
			<string>5774C0F9C3F9CC943EADEF96</string>
			<key>buildSettings</key>
			<dict>
				<key>ASSETCATALOG_COMPILER_APPICON_NAME</key>
				<string>AppIcon</string>
				<key>DEVELOPMENT_TEAM</key>
				<string>Z25J3BA353</string>
				<key>INFOPLIST_FILE</key>
				<string>RAC_&#26144;&#23556;/Info.plist</string>
				<key>LD_RUNPATH_SEARCH_PATHS</key>
				<string>$(inherited) @executable_path/Frameworks</string>
				<key>PRODUCT_BUNDLE_IDENTIFIER</key>
				<string>com.st.cn.RAC---</string>
				<key>PRODUCT_NAME</key>
				<string>$(TARGET_NAME)</string>
			</dict>
			<key>isa</key>
			<string>XCBuildConfiguration</string>
			<key>name</key>
			<string>Release</string>
		</dict>
		<key>705CE51A1DD99540001CBF84</key>
		<dict>
			<key>buildConfigurations</key>
			<array>
				<string>705CE5181DD99540001CBF84</string>
				<string>705CE5191DD99540001CBF84</string>
			</array>
			<key>defaultConfigurationIsVisible</key>
			<string>0</string>
			<key>defaultConfigurationName</key>
			<string>Release</string>
			<key>isa</key>
			<string>XCConfigurationList</string>
		</dict>
		<key>705CE51B1DD99663001CBF84</key>
		<dict>
			<key>buildActionMask</key>
			<string>2147483647</string>
			<key>files</key>
			<array>
				<string>705CE5291DD99663001CBF84</string>
				<string>705CE5261DD99663001CBF84</string>
				<string>705CE5231DD99663001CBF84</string>
			</array>
			<key>isa</key>
			<string>PBXSourcesBuildPhase</string>
			<key>runOnlyForDeploymentPostprocessing</key>
			<string>0</string>
		</dict>
		<key>705CE51C1DD99663001CBF84</key>
		<dict>
			<key>buildActionMask</key>
			<string>2147483647</string>
			<key>files</key>
			<array>
				<string>92E676094BB8EB6C3EAD55E6</string>
			</array>
			<key>isa</key>
			<string>PBXFrameworksBuildPhase</string>
			<key>runOnlyForDeploymentPostprocessing</key>
			<string>0</string>
		</dict>
		<key>705CE51D1DD99663001CBF84</key>
		<dict>
			<key>buildActionMask</key>
			<string>2147483647</string>
			<key>files</key>
			<array>
				<string>705CE5311DD99663001CBF84</string>
				<string>705CE52E1DD99663001CBF84</string>
				<string>705CE52C1DD99663001CBF84</string>
			</array>
			<key>isa</key>
			<string>PBXResourcesBuildPhase</string>
			<key>runOnlyForDeploymentPostprocessing</key>
			<string>0</string>
		</dict>
		<key>705CE51E1DD99663001CBF84</key>
		<dict>
			<key>buildConfigurationList</key>
			<string>705CE5351DD99663001CBF84</string>
			<key>buildPhases</key>
			<array>
				<string>40C4D56B32E9FD7CA31E27BD</string>
				<string>705CE51B1DD99663001CBF84</string>
				<string>705CE51C1DD99663001CBF84</string>
				<string>705CE51D1DD99663001CBF84</string>
				<string>4D947245F34E6D9B32E9349B</string>
				<string>5A5113A426F7BA1B2751FA85</string>
			</array>
			<key>buildRules</key>
			<array/>
			<key>dependencies</key>
			<array/>
			<key>isa</key>
			<string>PBXNativeTarget</string>
			<key>name</key>
			<string>RAC_&#32452;&#21512;</string>
			<key>productName</key>
			<string>RAC_&#32452;&#21512;</string>
			<key>productReference</key>
			<string>705CE51F1DD99663001CBF84</string>
			<key>productType</key>
			<string>com.apple.product-type.application</string>
		</dict>
		<key>705CE51F1DD99663001CBF84</key>
		<dict>
			<key>explicitFileType</key>
			<string>wrapper.application</string>
			<key>includeInIndex</key>
			<string>0</string>
			<key>isa</key>
			<string>PBXFileReference</string>
			<key>path</key>
			<string>RAC_&#32452;&#21512;.app</string>
			<key>sourceTree</key>
			<string>BUILT_PRODUCTS_DIR</string>
		</dict>
		<key>705CE5201DD99663001CBF84</key>
		<dict>
			<key>children</key>
			<array>
				<string>705CE5241DD99663001CBF84</string>
				<string>705CE5251DD99663001CBF84</string>
				<string>705CE5271DD99663001CBF84</string>
				<string>705CE5281DD99663001CBF84</string>
				<string>705CE52A1DD99663001CBF84</string>
				<string>705CE52D1DD99663001CBF84</string>
				<string>705CE52F1DD99663001CBF84</string>
				<string>705CE5321DD99663001CBF84</string>
				<string>705CE5211DD99663001CBF84</string>
			</array>
			<key>isa</key>
			<string>PBXGroup</string>
			<key>path</key>
			<string>RAC_&#32452;&#21512;</string>
			<key>sourceTree</key>
			<string>&lt;group&gt;</string>
		</dict>
		<key>705CE5211DD99663001CBF84</key>
		<dict>
			<key>children</key>
			<array>
				<string>705CE5221DD99663001CBF84</string>
			</array>
			<key>isa</key>
			<string>PBXGroup</string>
			<key>name</key>
			<string>Supporting Files</string>
			<key>sourceTree</key>
			<string>&lt;group&gt;</string>
		</dict>
		<key>705CE5221DD99663001CBF84</key>
		<dict>
			<key>isa</key>
			<string>PBXFileReference</string>
			<key>lastKnownFileType</key>
			<string>sourcecode.c.objc</string>
			<key>path</key>
			<string>main.m</string>
			<key>sourceTree</key>
			<string>&lt;group&gt;</string>
		</dict>
		<key>705CE5231DD99663001CBF84</key>
		<dict>
			<key>fileRef</key>
			<string>705CE5221DD99663001CBF84</string>
			<key>isa</key>
			<string>PBXBuildFile</string>
		</dict>
		<key>705CE5241DD99663001CBF84</key>
		<dict>
			<key>isa</key>
			<string>PBXFileReference</string>
			<key>lastKnownFileType</key>
			<string>sourcecode.c.h</string>
			<key>path</key>
			<string>AppDelegate.h</string>
			<key>sourceTree</key>
			<string>&lt;group&gt;</string>
		</dict>
		<key>705CE5251DD99663001CBF84</key>
		<dict>
			<key>isa</key>
			<string>PBXFileReference</string>
			<key>lastKnownFileType</key>
			<string>sourcecode.c.objc</string>
			<key>path</key>
			<string>AppDelegate.m</string>
			<key>sourceTree</key>
			<string>&lt;group&gt;</string>
		</dict>
		<key>705CE5261DD99663001CBF84</key>
		<dict>
			<key>fileRef</key>
			<string>705CE5251DD99663001CBF84</string>
			<key>isa</key>
			<string>PBXBuildFile</string>
		</dict>
		<key>705CE5271DD99663001CBF84</key>
		<dict>
			<key>isa</key>
			<string>PBXFileReference</string>
			<key>lastKnownFileType</key>
			<string>sourcecode.c.h</string>
			<key>path</key>
			<string>ViewController.h</string>
			<key>sourceTree</key>
			<string>&lt;group&gt;</string>
		</dict>
		<key>705CE5281DD99663001CBF84</key>
		<dict>
			<key>isa</key>
			<string>PBXFileReference</string>
			<key>lastKnownFileType</key>
			<string>sourcecode.c.objc</string>
			<key>path</key>
			<string>ViewController.m</string>
			<key>sourceTree</key>
			<string>&lt;group&gt;</string>
		</dict>
		<key>705CE5291DD99663001CBF84</key>
		<dict>
			<key>fileRef</key>
			<string>705CE5281DD99663001CBF84</string>
			<key>isa</key>
			<string>PBXBuildFile</string>
		</dict>
		<key>705CE52A1DD99663001CBF84</key>
		<dict>
			<key>children</key>
			<array>
				<string>705CE52B1DD99663001CBF84</string>
			</array>
			<key>isa</key>
			<string>PBXVariantGroup</string>
			<key>name</key>
			<string>Main.storyboard</string>
			<key>sourceTree</key>
			<string>&lt;group&gt;</string>
		</dict>
		<key>705CE52B1DD99663001CBF84</key>
		<dict>
			<key>isa</key>
			<string>PBXFileReference</string>
			<key>lastKnownFileType</key>
			<string>file.storyboard</string>
			<key>name</key>
			<string>Base</string>
			<key>path</key>
			<string>Base.lproj/Main.storyboard</string>
			<key>sourceTree</key>
			<string>&lt;group&gt;</string>
		</dict>
		<key>705CE52C1DD99663001CBF84</key>
		<dict>
			<key>fileRef</key>
			<string>705CE52A1DD99663001CBF84</string>
			<key>isa</key>
			<string>PBXBuildFile</string>
		</dict>
		<key>705CE52D1DD99663001CBF84</key>
		<dict>
			<key>isa</key>
			<string>PBXFileReference</string>
			<key>lastKnownFileType</key>
			<string>folder.assetcatalog</string>
			<key>path</key>
			<string>Assets.xcassets</string>
			<key>sourceTree</key>
			<string>&lt;group&gt;</string>
		</dict>
		<key>705CE52E1DD99663001CBF84</key>
		<dict>
			<key>fileRef</key>
			<string>705CE52D1DD99663001CBF84</string>
			<key>isa</key>
			<string>PBXBuildFile</string>
		</dict>
		<key>705CE52F1DD99663001CBF84</key>
		<dict>
			<key>children</key>
			<array>
				<string>705CE5301DD99663001CBF84</string>
			</array>
			<key>isa</key>
			<string>PBXVariantGroup</string>
			<key>name</key>
			<string>LaunchScreen.storyboard</string>
			<key>sourceTree</key>
			<string>&lt;group&gt;</string>
		</dict>
		<key>705CE5301DD99663001CBF84</key>
		<dict>
			<key>isa</key>
			<string>PBXFileReference</string>
			<key>lastKnownFileType</key>
			<string>file.storyboard</string>
			<key>name</key>
			<string>Base</string>
			<key>path</key>
			<string>Base.lproj/LaunchScreen.storyboard</string>
			<key>sourceTree</key>
			<string>&lt;group&gt;</string>
		</dict>
		<key>705CE5311DD99663001CBF84</key>
		<dict>
			<key>fileRef</key>
			<string>705CE52F1DD99663001CBF84</string>
			<key>isa</key>
			<string>PBXBuildFile</string>
		</dict>
		<key>705CE5321DD99663001CBF84</key>
		<dict>
			<key>isa</key>
			<string>PBXFileReference</string>
			<key>lastKnownFileType</key>
			<string>text.plist.xml</string>
			<key>path</key>
			<string>Info.plist</string>
			<key>sourceTree</key>
			<string>&lt;group&gt;</string>
		</dict>
		<key>705CE5331DD99663001CBF84</key>
		<dict>
			<key>baseConfigurationReference</key>
			<string>5463B5EA9894EA252DA14CEC</string>
			<key>buildSettings</key>
			<dict>
				<key>ASSETCATALOG_COMPILER_APPICON_NAME</key>
				<string>AppIcon</string>
				<key>DEVELOPMENT_TEAM</key>
				<string>Z25J3BA353</string>
				<key>INFOPLIST_FILE</key>
				<string>RAC_&#32452;&#21512;/Info.plist</string>
				<key>LD_RUNPATH_SEARCH_PATHS</key>
				<string>$(inherited) @executable_path/Frameworks</string>
				<key>PRODUCT_BUNDLE_IDENTIFIER</key>
				<string>com.st.cn.RAC---</string>
				<key>PRODUCT_NAME</key>
				<string>$(TARGET_NAME)</string>
			</dict>
			<key>isa</key>
			<string>XCBuildConfiguration</string>
			<key>name</key>
			<string>Debug</string>
		</dict>
		<key>705CE5341DD99663001CBF84</key>
		<dict>
			<key>baseConfigurationReference</key>
			<string>BB548AFF83AFDC1E6A8DF687</string>
			<key>buildSettings</key>
			<dict>
				<key>ASSETCATALOG_COMPILER_APPICON_NAME</key>
				<string>AppIcon</string>
				<key>DEVELOPMENT_TEAM</key>
				<string>Z25J3BA353</string>
				<key>INFOPLIST_FILE</key>
				<string>RAC_&#32452;&#21512;/Info.plist</string>
				<key>LD_RUNPATH_SEARCH_PATHS</key>
				<string>$(inherited) @executable_path/Frameworks</string>
				<key>PRODUCT_BUNDLE_IDENTIFIER</key>
				<string>com.st.cn.RAC---</string>
				<key>PRODUCT_NAME</key>
				<string>$(TARGET_NAME)</string>
			</dict>
			<key>isa</key>
			<string>XCBuildConfiguration</string>
			<key>name</key>
			<string>Release</string>
		</dict>
		<key>705CE5351DD99663001CBF84</key>
		<dict>
			<key>buildConfigurations</key>
			<array>
				<string>705CE5331DD99663001CBF84</string>
				<string>705CE5341DD99663001CBF84</string>
			</array>
			<key>defaultConfigurationIsVisible</key>
			<string>0</string>
			<key>isa</key>
			<string>XCConfigurationList</string>
		</dict>
		<key>709BB3311DD96883006B59A7</key>
		<dict>
			<key>children</key>
			<array>
				<string>709BB33C1DD96883006B59A7</string>
				<string>705CE4CF1DD96A8F001CBF84</string>
				<string>705CE4EA1DD992C6001CBF84</string>
				<string>705CE5051DD99540001CBF84</string>
				<string>705CE5201DD99663001CBF84</string>
				<string>709BB33B1DD96883006B59A7</string>
				<string>0F3553BC706C261DF8CF0F0F</string>
				<string>5B9C4753E2E69D4E220ED815</string>
			</array>
			<key>isa</key>
			<string>PBXGroup</string>
			<key>sourceTree</key>
			<string>&lt;group&gt;</string>
		</dict>
		<key>709BB3321DD96883006B59A7</key>
		<dict>
			<key>attributes</key>
			<dict>
				<key>LastUpgradeCheck</key>
				<string>0800</string>
				<key>ORGANIZATIONNAME</key>
				<string>ST</string>
				<key>TargetAttributes</key>
				<dict>
					<key>705CE4CD1DD96A8F001CBF84</key>
					<dict>
						<key>CreatedOnToolsVersion</key>
						<string>8.0</string>
						<key>DevelopmentTeam</key>
						<string>Z25J3BA353</string>
						<key>ProvisioningStyle</key>
						<string>Automatic</string>
					</dict>
					<key>705CE4E81DD992C6001CBF84</key>
					<dict>
						<key>CreatedOnToolsVersion</key>
						<string>8.0</string>
						<key>DevelopmentTeam</key>
						<string>Z25J3BA353</string>
						<key>ProvisioningStyle</key>
						<string>Automatic</string>
					</dict>
					<key>705CE5031DD99540001CBF84</key>
					<dict>
						<key>CreatedOnToolsVersion</key>
						<string>8.0</string>
						<key>DevelopmentTeam</key>
						<string>Z25J3BA353</string>
						<key>ProvisioningStyle</key>
						<string>Automatic</string>
					</dict>
					<key>705CE51E1DD99663001CBF84</key>
					<dict>
						<key>CreatedOnToolsVersion</key>
						<string>8.0</string>
						<key>DevelopmentTeam</key>
						<string>Z25J3BA353</string>
						<key>ProvisioningStyle</key>
						<string>Automatic</string>
					</dict>
					<key>709BB3391DD96883006B59A7</key>
					<dict>
						<key>CreatedOnToolsVersion</key>
						<string>8.0</string>
						<key>DevelopmentTeam</key>
						<string>Z25J3BA353</string>
						<key>ProvisioningStyle</key>
						<string>Automatic</string>
					</dict>
				</dict>
			</dict>
			<key>buildConfigurationList</key>
			<string>709BB3351DD96883006B59A7</string>
			<key>compatibilityVersion</key>
			<string>Xcode 3.2</string>
			<key>developmentRegion</key>
			<string>English</string>
			<key>hasScannedForEncodings</key>
			<string>0</string>
			<key>isa</key>
			<string>PBXProject</string>
			<key>knownRegions</key>
			<array>
				<string>en</string>
				<string>Base</string>
			</array>
			<key>mainGroup</key>
			<string>709BB3311DD96883006B59A7</string>
			<key>productRefGroup</key>
			<string>709BB33B1DD96883006B59A7</string>
			<key>projectDirPath</key>
			<string></string>
			<key>projectReferences</key>
			<array/>
			<key>projectRoot</key>
			<string></string>
			<key>targets</key>
			<array>
				<string>709BB3391DD96883006B59A7</string>
				<string>705CE4CD1DD96A8F001CBF84</string>
				<string>705CE4E81DD992C6001CBF84</string>
				<string>705CE5031DD99540001CBF84</string>
				<string>705CE51E1DD99663001CBF84</string>
			</array>
		</dict>
		<key>709BB3351DD96883006B59A7</key>
		<dict>
			<key>buildConfigurations</key>
			<array>
				<string>709BB34F1DD96883006B59A7</string>
				<string>709BB3501DD96883006B59A7</string>
			</array>
			<key>defaultConfigurationIsVisible</key>
			<string>0</string>
			<key>defaultConfigurationName</key>
			<string>Release</string>
			<key>isa</key>
			<string>XCConfigurationList</string>
		</dict>
		<key>709BB3361DD96883006B59A7</key>
		<dict>
			<key>buildActionMask</key>
			<string>2147483647</string>
			<key>files</key>
			<array>
				<string>709BB3451DD96883006B59A7</string>
				<string>709BB3421DD96883006B59A7</string>
				<string>709BB33F1DD96883006B59A7</string>
			</array>
			<key>isa</key>
			<string>PBXSourcesBuildPhase</string>
			<key>runOnlyForDeploymentPostprocessing</key>
			<string>0</string>
		</dict>
		<key>709BB3371DD96883006B59A7</key>
		<dict>
			<key>buildActionMask</key>
			<string>2147483647</string>
			<key>files</key>
			<array>
				<string>6D848363A5B2DEC7A61BEA73</string>
			</array>
			<key>isa</key>
			<string>PBXFrameworksBuildPhase</string>
			<key>runOnlyForDeploymentPostprocessing</key>
			<string>0</string>
		</dict>
		<key>709BB3381DD96883006B59A7</key>
		<dict>
			<key>buildActionMask</key>
			<string>2147483647</string>
			<key>files</key>
			<array>
				<string>709BB34D1DD96883006B59A7</string>
				<string>709BB34A1DD96883006B59A7</string>
				<string>709BB3481DD96883006B59A7</string>
			</array>
			<key>isa</key>
			<string>PBXResourcesBuildPhase</string>
			<key>runOnlyForDeploymentPostprocessing</key>
			<string>0</string>
		</dict>
		<key>709BB3391DD96883006B59A7</key>
		<dict>
			<key>buildConfigurationList</key>
			<string>709BB3511DD96883006B59A7</string>
			<key>buildPhases</key>
			<array>
				<string>B033243E47A91CB0BDCFE5C3</string>
				<string>709BB3361DD96883006B59A7</string>
				<string>709BB3371DD96883006B59A7</string>
				<string>709BB3381DD96883006B59A7</string>
				<string>6DE576F7678671360FB452C7</string>
				<string>C1F99665AAF29F3C7A808C60</string>
			</array>
			<key>buildRules</key>
			<array/>
			<key>dependencies</key>
			<array/>
			<key>isa</key>
			<string>PBXNativeTarget</string>
			<key>name</key>
			<string>RAC_OC</string>
			<key>productName</key>
			<string>RAC_OC</string>
			<key>productReference</key>
			<string>709BB33A1DD96883006B59A7</string>
			<key>productType</key>
			<string>com.apple.product-type.application</string>
		</dict>
		<key>709BB33A1DD96883006B59A7</key>
		<dict>
			<key>explicitFileType</key>
			<string>wrapper.application</string>
			<key>includeInIndex</key>
			<string>0</string>
			<key>isa</key>
			<string>PBXFileReference</string>
			<key>path</key>
			<string>RAC_OC.app</string>
			<key>sourceTree</key>
			<string>BUILT_PRODUCTS_DIR</string>
		</dict>
		<key>709BB33B1DD96883006B59A7</key>
		<dict>
			<key>children</key>
			<array>
				<string>709BB33A1DD96883006B59A7</string>
				<string>705CE4CE1DD96A8F001CBF84</string>
				<string>705CE4E91DD992C6001CBF84</string>
				<string>705CE5041DD99540001CBF84</string>
				<string>705CE51F1DD99663001CBF84</string>
			</array>
			<key>isa</key>
			<string>PBXGroup</string>
			<key>name</key>
			<string>Products</string>
			<key>sourceTree</key>
			<string>&lt;group&gt;</string>
		</dict>
		<key>709BB33C1DD96883006B59A7</key>
		<dict>
			<key>children</key>
			<array>
				<string>709BB3401DD96883006B59A7</string>
				<string>709BB3411DD96883006B59A7</string>
				<string>709BB3431DD96883006B59A7</string>
				<string>709BB3441DD96883006B59A7</string>
				<string>709BB3461DD96883006B59A7</string>
				<string>709BB3491DD96883006B59A7</string>
				<string>709BB34B1DD96883006B59A7</string>
				<string>709BB34E1DD96883006B59A7</string>
				<string>709BB33D1DD96883006B59A7</string>
			</array>
			<key>isa</key>
			<string>PBXGroup</string>
			<key>path</key>
			<string>RAC_OC</string>
			<key>sourceTree</key>
			<string>&lt;group&gt;</string>
		</dict>
		<key>709BB33D1DD96883006B59A7</key>
		<dict>
			<key>children</key>
			<array>
				<string>709BB33E1DD96883006B59A7</string>
			</array>
			<key>isa</key>
			<string>PBXGroup</string>
			<key>name</key>
			<string>Supporting Files</string>
			<key>sourceTree</key>
			<string>&lt;group&gt;</string>
		</dict>
		<key>709BB33E1DD96883006B59A7</key>
		<dict>
			<key>isa</key>
			<string>PBXFileReference</string>
			<key>lastKnownFileType</key>
			<string>sourcecode.c.objc</string>
			<key>path</key>
			<string>main.m</string>
			<key>sourceTree</key>
			<string>&lt;group&gt;</string>
		</dict>
		<key>709BB33F1DD96883006B59A7</key>
		<dict>
			<key>fileRef</key>
			<string>709BB33E1DD96883006B59A7</string>
			<key>isa</key>
			<string>PBXBuildFile</string>
		</dict>
		<key>709BB3401DD96883006B59A7</key>
		<dict>
			<key>isa</key>
			<string>PBXFileReference</string>
			<key>lastKnownFileType</key>
			<string>sourcecode.c.h</string>
			<key>path</key>
			<string>AppDelegate.h</string>
			<key>sourceTree</key>
			<string>&lt;group&gt;</string>
		</dict>
		<key>709BB3411DD96883006B59A7</key>
		<dict>
			<key>isa</key>
			<string>PBXFileReference</string>
			<key>lastKnownFileType</key>
			<string>sourcecode.c.objc</string>
			<key>path</key>
			<string>AppDelegate.m</string>
			<key>sourceTree</key>
			<string>&lt;group&gt;</string>
		</dict>
		<key>709BB3421DD96883006B59A7</key>
		<dict>
			<key>fileRef</key>
			<string>709BB3411DD96883006B59A7</string>
			<key>isa</key>
			<string>PBXBuildFile</string>
		</dict>
		<key>709BB3431DD96883006B59A7</key>
		<dict>
			<key>isa</key>
			<string>PBXFileReference</string>
			<key>lastKnownFileType</key>
			<string>sourcecode.c.h</string>
			<key>path</key>
			<string>ViewController.h</string>
			<key>sourceTree</key>
			<string>&lt;group&gt;</string>
		</dict>
		<key>709BB3441DD96883006B59A7</key>
		<dict>
			<key>isa</key>
			<string>PBXFileReference</string>
			<key>lastKnownFileType</key>
			<string>sourcecode.c.objc</string>
			<key>path</key>
			<string>ViewController.m</string>
			<key>sourceTree</key>
			<string>&lt;group&gt;</string>
		</dict>
		<key>709BB3451DD96883006B59A7</key>
		<dict>
			<key>fileRef</key>
			<string>709BB3441DD96883006B59A7</string>
			<key>isa</key>
			<string>PBXBuildFile</string>
		</dict>
		<key>709BB3461DD96883006B59A7</key>
		<dict>
			<key>children</key>
			<array>
				<string>709BB3471DD96883006B59A7</string>
			</array>
			<key>isa</key>
			<string>PBXVariantGroup</string>
			<key>name</key>
			<string>Main.storyboard</string>
			<key>sourceTree</key>
			<string>&lt;group&gt;</string>
		</dict>
		<key>709BB3471DD96883006B59A7</key>
		<dict>
			<key>isa</key>
			<string>PBXFileReference</string>
			<key>lastKnownFileType</key>
			<string>file.storyboard</string>
			<key>name</key>
			<string>Base</string>
			<key>path</key>
			<string>Base.lproj/Main.storyboard</string>
			<key>sourceTree</key>
			<string>&lt;group&gt;</string>
		</dict>
		<key>709BB3481DD96883006B59A7</key>
		<dict>
			<key>fileRef</key>
			<string>709BB3461DD96883006B59A7</string>
			<key>isa</key>
			<string>PBXBuildFile</string>
		</dict>
		<key>709BB3491DD96883006B59A7</key>
		<dict>
			<key>isa</key>
			<string>PBXFileReference</string>
			<key>lastKnownFileType</key>
			<string>folder.assetcatalog</string>
			<key>path</key>
			<string>Assets.xcassets</string>
			<key>sourceTree</key>
			<string>&lt;group&gt;</string>
		</dict>
		<key>709BB34A1DD96883006B59A7</key>
		<dict>
			<key>fileRef</key>
			<string>709BB3491DD96883006B59A7</string>
			<key>isa</key>
			<string>PBXBuildFile</string>
		</dict>
		<key>709BB34B1DD96883006B59A7</key>
		<dict>
			<key>children</key>
			<array>
				<string>709BB34C1DD96883006B59A7</string>
			</array>
			<key>isa</key>
			<string>PBXVariantGroup</string>
			<key>name</key>
			<string>LaunchScreen.storyboard</string>
			<key>sourceTree</key>
			<string>&lt;group&gt;</string>
		</dict>
		<key>709BB34C1DD96883006B59A7</key>
		<dict>
			<key>isa</key>
			<string>PBXFileReference</string>
			<key>lastKnownFileType</key>
			<string>file.storyboard</string>
			<key>name</key>
			<string>Base</string>
			<key>path</key>
			<string>Base.lproj/LaunchScreen.storyboard</string>
			<key>sourceTree</key>
			<string>&lt;group&gt;</string>
		</dict>
		<key>709BB34D1DD96883006B59A7</key>
		<dict>
			<key>fileRef</key>
			<string>709BB34B1DD96883006B59A7</string>
			<key>isa</key>
			<string>PBXBuildFile</string>
		</dict>
		<key>709BB34E1DD96883006B59A7</key>
		<dict>
			<key>isa</key>
			<string>PBXFileReference</string>
			<key>lastKnownFileType</key>
			<string>text.plist.xml</string>
			<key>path</key>
			<string>Info.plist</string>
			<key>sourceTree</key>
			<string>&lt;group&gt;</string>
		</dict>
		<key>709BB34F1DD96883006B59A7</key>
		<dict>
			<key>buildSettings</key>
			<dict>
				<key>ALWAYS_SEARCH_USER_PATHS</key>
				<string>NO</string>
				<key>CLANG_ANALYZER_NONNULL</key>
				<string>YES</string>
				<key>CLANG_CXX_LANGUAGE_STANDARD</key>
				<string>gnu++0x</string>
				<key>CLANG_CXX_LIBRARY</key>
				<string>libc++</string>
				<key>CLANG_ENABLE_MODULES</key>
				<string>YES</string>
				<key>CLANG_ENABLE_OBJC_ARC</key>
				<string>YES</string>
				<key>CLANG_WARN_BOOL_CONVERSION</key>
				<string>YES</string>
				<key>CLANG_WARN_CONSTANT_CONVERSION</key>
				<string>YES</string>
				<key>CLANG_WARN_DIRECT_OBJC_ISA_USAGE</key>
				<string>YES_ERROR</string>
				<key>CLANG_WARN_DOCUMENTATION_COMMENTS</key>
				<string>YES</string>
				<key>CLANG_WARN_EMPTY_BODY</key>
				<string>YES</string>
				<key>CLANG_WARN_ENUM_CONVERSION</key>
				<string>YES</string>
				<key>CLANG_WARN_INFINITE_RECURSION</key>
				<string>YES</string>
				<key>CLANG_WARN_INT_CONVERSION</key>
				<string>YES</string>
				<key>CLANG_WARN_OBJC_ROOT_CLASS</key>
				<string>YES_ERROR</string>
				<key>CLANG_WARN_SUSPICIOUS_MOVES</key>
				<string>YES</string>
				<key>CLANG_WARN_UNREACHABLE_CODE</key>
				<string>YES</string>
				<key>CLANG_WARN__DUPLICATE_METHOD_MATCH</key>
				<string>YES</string>
				<key>CODE_SIGN_IDENTITY[sdk=iphoneos*]</key>
				<string>iPhone Developer</string>
				<key>COPY_PHASE_STRIP</key>
				<string>NO</string>
				<key>DEBUG_INFORMATION_FORMAT</key>
				<string>dwarf</string>
				<key>ENABLE_STRICT_OBJC_MSGSEND</key>
				<string>YES</string>
				<key>ENABLE_TESTABILITY</key>
				<string>YES</string>
				<key>GCC_C_LANGUAGE_STANDARD</key>
				<string>gnu99</string>
				<key>GCC_DYNAMIC_NO_PIC</key>
				<string>NO</string>
				<key>GCC_NO_COMMON_BLOCKS</key>
				<string>YES</string>
				<key>GCC_OPTIMIZATION_LEVEL</key>
				<string>0</string>
				<key>GCC_PREPROCESSOR_DEFINITIONS</key>
				<array>
					<string>DEBUG=1</string>
					<string>$(inherited)</string>
				</array>
				<key>GCC_WARN_64_TO_32_BIT_CONVERSION</key>
				<string>YES</string>
				<key>GCC_WARN_ABOUT_RETURN_TYPE</key>
				<string>YES_ERROR</string>
				<key>GCC_WARN_UNDECLARED_SELECTOR</key>
				<string>YES</string>
				<key>GCC_WARN_UNINITIALIZED_AUTOS</key>
				<string>YES_AGGRESSIVE</string>
				<key>GCC_WARN_UNUSED_FUNCTION</key>
				<string>YES</string>
				<key>GCC_WARN_UNUSED_VARIABLE</key>
				<string>YES</string>
				<key>IPHONEOS_DEPLOYMENT_TARGET</key>
				<string>10.0</string>
				<key>MTL_ENABLE_DEBUG_INFO</key>
				<string>YES</string>
				<key>ONLY_ACTIVE_ARCH</key>
				<string>YES</string>
				<key>SDKROOT</key>
				<string>iphoneos</string>
			</dict>
			<key>isa</key>
			<string>XCBuildConfiguration</string>
			<key>name</key>
			<string>Debug</string>
		</dict>
		<key>709BB3501DD96883006B59A7</key>
		<dict>
			<key>buildSettings</key>
			<dict>
				<key>ALWAYS_SEARCH_USER_PATHS</key>
				<string>NO</string>
				<key>CLANG_ANALYZER_NONNULL</key>
				<string>YES</string>
				<key>CLANG_CXX_LANGUAGE_STANDARD</key>
				<string>gnu++0x</string>
				<key>CLANG_CXX_LIBRARY</key>
				<string>libc++</string>
				<key>CLANG_ENABLE_MODULES</key>
				<string>YES</string>
				<key>CLANG_ENABLE_OBJC_ARC</key>
				<string>YES</string>
				<key>CLANG_WARN_BOOL_CONVERSION</key>
				<string>YES</string>
				<key>CLANG_WARN_CONSTANT_CONVERSION</key>
				<string>YES</string>
				<key>CLANG_WARN_DIRECT_OBJC_ISA_USAGE</key>
				<string>YES_ERROR</string>
				<key>CLANG_WARN_DOCUMENTATION_COMMENTS</key>
				<string>YES</string>
				<key>CLANG_WARN_EMPTY_BODY</key>
				<string>YES</string>
				<key>CLANG_WARN_ENUM_CONVERSION</key>
				<string>YES</string>
				<key>CLANG_WARN_INFINITE_RECURSION</key>
				<string>YES</string>
				<key>CLANG_WARN_INT_CONVERSION</key>
				<string>YES</string>
				<key>CLANG_WARN_OBJC_ROOT_CLASS</key>
				<string>YES_ERROR</string>
				<key>CLANG_WARN_SUSPICIOUS_MOVES</key>
				<string>YES</string>
				<key>CLANG_WARN_UNREACHABLE_CODE</key>
				<string>YES</string>
				<key>CLANG_WARN__DUPLICATE_METHOD_MATCH</key>
				<string>YES</string>
				<key>CODE_SIGN_IDENTITY[sdk=iphoneos*]</key>
				<string>iPhone Developer</string>
				<key>COPY_PHASE_STRIP</key>
				<string>NO</string>
				<key>DEBUG_INFORMATION_FORMAT</key>
				<string>dwarf-with-dsym</string>
				<key>ENABLE_NS_ASSERTIONS</key>
				<string>NO</string>
				<key>ENABLE_STRICT_OBJC_MSGSEND</key>
				<string>YES</string>
				<key>GCC_C_LANGUAGE_STANDARD</key>
				<string>gnu99</string>
				<key>GCC_NO_COMMON_BLOCKS</key>
				<string>YES</string>
				<key>GCC_WARN_64_TO_32_BIT_CONVERSION</key>
				<string>YES</string>
				<key>GCC_WARN_ABOUT_RETURN_TYPE</key>
				<string>YES_ERROR</string>
				<key>GCC_WARN_UNDECLARED_SELECTOR</key>
				<string>YES</string>
				<key>GCC_WARN_UNINITIALIZED_AUTOS</key>
				<string>YES_AGGRESSIVE</string>
				<key>GCC_WARN_UNUSED_FUNCTION</key>
				<string>YES</string>
				<key>GCC_WARN_UNUSED_VARIABLE</key>
				<string>YES</string>
				<key>IPHONEOS_DEPLOYMENT_TARGET</key>
				<string>10.0</string>
				<key>MTL_ENABLE_DEBUG_INFO</key>
				<string>NO</string>
				<key>SDKROOT</key>
				<string>iphoneos</string>
				<key>VALIDATE_PRODUCT</key>
				<string>YES</string>
			</dict>
			<key>isa</key>
			<string>XCBuildConfiguration</string>
			<key>name</key>
			<string>Release</string>
		</dict>
		<key>709BB3511DD96883006B59A7</key>
		<dict>
			<key>buildConfigurations</key>
			<array>
				<string>709BB3521DD96883006B59A7</string>
				<string>709BB3531DD96883006B59A7</string>
			</array>
			<key>defaultConfigurationIsVisible</key>
			<string>0</string>
			<key>defaultConfigurationName</key>
			<string>Release</string>
			<key>isa</key>
			<string>XCConfigurationList</string>
		</dict>
		<key>709BB3521DD96883006B59A7</key>
		<dict>
			<key>baseConfigurationReference</key>
			<string>E4364BD835505EAE5DD1BE79</string>
			<key>buildSettings</key>
			<dict>
				<key>ASSETCATALOG_COMPILER_APPICON_NAME</key>
				<string>AppIcon</string>
				<key>CODE_SIGN_IDENTITY[sdk=iphoneos*]</key>
				<string>iPhone Developer</string>
				<key>DEVELOPMENT_TEAM</key>
				<string>Z25J3BA353</string>
				<key>INFOPLIST_FILE</key>
				<string>RAC_OC/Info.plist</string>
				<key>LD_RUNPATH_SEARCH_PATHS</key>
				<string>$(inherited) @executable_path/Frameworks</string>
				<key>PRODUCT_BUNDLE_IDENTIFIER</key>
				<string>com.st.cn.RAC-OC</string>
				<key>PRODUCT_NAME</key>
				<string>$(TARGET_NAME)</string>
			</dict>
			<key>isa</key>
			<string>XCBuildConfiguration</string>
			<key>name</key>
			<string>Debug</string>
		</dict>
		<key>709BB3531DD96883006B59A7</key>
		<dict>
			<key>baseConfigurationReference</key>
			<string>8BABBE32176547B507A18B52</string>
			<key>buildSettings</key>
			<dict>
				<key>ASSETCATALOG_COMPILER_APPICON_NAME</key>
				<string>AppIcon</string>
				<key>CODE_SIGN_IDENTITY[sdk=iphoneos*]</key>
				<string>iPhone Developer</string>
				<key>DEVELOPMENT_TEAM</key>
				<string>Z25J3BA353</string>
				<key>INFOPLIST_FILE</key>
				<string>RAC_OC/Info.plist</string>
				<key>LD_RUNPATH_SEARCH_PATHS</key>
				<string>$(inherited) @executable_path/Frameworks</string>
				<key>PRODUCT_BUNDLE_IDENTIFIER</key>
				<string>com.st.cn.RAC-OC</string>
				<key>PRODUCT_NAME</key>
				<string>$(TARGET_NAME)</string>
			</dict>
			<key>isa</key>
			<string>XCBuildConfiguration</string>
			<key>name</key>
			<string>Release</string>
		</dict>
		<key>71A0A3A9604A436C3D2B14E3</key>
		<dict>
			<key>explicitFileType</key>
			<string>wrapper.framework</string>
			<key>includeInIndex</key>
			<string>0</string>
			<key>isa</key>
			<string>PBXFileReference</string>
			<key>path</key>
			<string>Pods_RAC_OC.framework</string>
			<key>sourceTree</key>
			<string>BUILT_PRODUCTS_DIR</string>
		</dict>
		<key>7A7CBAE544FE96A9569C3686</key>
		<dict>
			<key>buildActionMask</key>
			<string>2147483647</string>
			<key>files</key>
			<array/>
			<key>inputPaths</key>
			<array/>
			<key>isa</key>
			<string>PBXShellScriptBuildPhase</string>
			<key>name</key>
			<string>&#128230; Check Pods Manifest.lock</string>
			<key>outputPaths</key>
			<array/>
			<key>runOnlyForDeploymentPostprocessing</key>
			<string>0</string>
			<key>shellPath</key>
			<string>/bin/sh</string>
			<key>shellScript</key>
			<string>diff "${PODS_ROOT}/../Podfile.lock" "${PODS_ROOT}/Manifest.lock" &gt; /dev/null
if [[ $? != 0 ]] ; then
    cat &lt;&lt; EOM
error: The sandbox is not in sync with the Podfile.lock. Run 'pod install' or update your CocoaPods installation.
EOM
    exit 1
fi
</string>
			<key>showEnvVarsInLog</key>
			<string>0</string>
		</dict>
		<key>82B96B7DD6ACEB08D6746175</key>
		<dict>
			<key>includeInIndex</key>
			<string>1</string>
			<key>isa</key>
			<string>PBXFileReference</string>
			<key>lastKnownFileType</key>
			<string>text.xcconfig</string>
			<key>name</key>
			<string>Pods-RAC_&#26144;&#23556;.debug.xcconfig</string>
			<key>path</key>
			<string>Pods/Target Support Files/Pods-RAC_&#26144;&#23556;/Pods-RAC_&#26144;&#23556;.debug.xcconfig</string>
			<key>sourceTree</key>
			<string>&lt;group&gt;</string>
		</dict>
		<key>85003B764FA0B75C7DB36A27</key>
		<dict>
			<key>buildActionMask</key>
			<string>2147483647</string>
			<key>files</key>
			<array/>
			<key>inputPaths</key>
			<array/>
			<key>isa</key>
			<string>PBXShellScriptBuildPhase</string>
			<key>name</key>
			<string>&#128230; Embed Pods Frameworks</string>
			<key>outputPaths</key>
			<array/>
			<key>runOnlyForDeploymentPostprocessing</key>
			<string>0</string>
			<key>shellPath</key>
			<string>/bin/sh</string>
			<key>shellScript</key>
			<string>"${SRCROOT}/Pods/Target Support Files/Pods-RAC_Command/Pods-RAC_Command-frameworks.sh"
</string>
			<key>showEnvVarsInLog</key>
			<string>0</string>
		</dict>
		<key>8BABBE32176547B507A18B52</key>
		<dict>
			<key>includeInIndex</key>
			<string>1</string>
			<key>isa</key>
			<string>PBXFileReference</string>
			<key>lastKnownFileType</key>
			<string>text.xcconfig</string>
			<key>name</key>
			<string>Pods-RAC_OC.release.xcconfig</string>
			<key>path</key>
			<string>Pods/Target Support Files/Pods-RAC_OC/Pods-RAC_OC.release.xcconfig</string>
			<key>sourceTree</key>
			<string>&lt;group&gt;</string>
		</dict>
		<key>92E676094BB8EB6C3EAD55E6</key>
		<dict>
			<key>fileRef</key>
			<string>57C04C518436CB6789618989</string>
			<key>isa</key>
			<string>PBXBuildFile</string>
		</dict>
		<key>A1D69B4711393078F3F7C522</key>
		<dict>
			<key>buildActionMask</key>
			<string>2147483647</string>
			<key>files</key>
			<array/>
			<key>inputPaths</key>
			<array/>
			<key>isa</key>
			<string>PBXShellScriptBuildPhase</string>
			<key>name</key>
			<string>&#128230; Copy Pods Resources</string>
			<key>outputPaths</key>
			<array/>
			<key>runOnlyForDeploymentPostprocessing</key>
			<string>0</string>
			<key>shellPath</key>
			<string>/bin/sh</string>
			<key>shellScript</key>
			<string>"${SRCROOT}/Pods/Target Support Files/Pods-RAC_Command/Pods-RAC_Command-resources.sh"
</string>
			<key>showEnvVarsInLog</key>
			<string>0</string>
		</dict>
		<key>B033243E47A91CB0BDCFE5C3</key>
		<dict>
			<key>buildActionMask</key>
			<string>2147483647</string>
			<key>files</key>
			<array/>
			<key>inputPaths</key>
			<array/>
			<key>isa</key>
			<string>PBXShellScriptBuildPhase</string>
			<key>name</key>
			<string>&#128230; Check Pods Manifest.lock</string>
			<key>outputPaths</key>
			<array/>
			<key>runOnlyForDeploymentPostprocessing</key>
			<string>0</string>
			<key>shellPath</key>
			<string>/bin/sh</string>
			<key>shellScript</key>
			<string>diff "${PODS_ROOT}/../Podfile.lock" "${PODS_ROOT}/Manifest.lock" &gt; /dev/null
if [[ $? != 0 ]] ; then
    cat &lt;&lt; EOM
error: The sandbox is not in sync with the Podfile.lock. Run 'pod install' or update your CocoaPods installation.
EOM
    exit 1
fi
</string>
			<key>showEnvVarsInLog</key>
			<string>0</string>
		</dict>
		<key>B66D697EA19122C4A6FE7E77</key>
		<dict>
			<key>includeInIndex</key>
			<string>1</string>
			<key>isa</key>
			<string>PBXFileReference</string>
			<key>lastKnownFileType</key>
			<string>text.xcconfig</string>
			<key>name</key>
			<string>Pods-RAC_Command.debug.xcconfig</string>
			<key>path</key>
			<string>Pods/Target Support Files/Pods-RAC_Command/Pods-RAC_Command.debug.xcconfig</string>
			<key>sourceTree</key>
			<string>&lt;group&gt;</string>
		</dict>
		<key>BB548AFF83AFDC1E6A8DF687</key>
		<dict>
			<key>includeInIndex</key>
			<string>1</string>
			<key>isa</key>
			<string>PBXFileReference</string>
			<key>lastKnownFileType</key>
			<string>text.xcconfig</string>
			<key>name</key>
			<string>Pods-RAC_&#32452;&#21512;.release.xcconfig</string>
			<key>path</key>
			<string>Pods/Target Support Files/Pods-RAC_&#32452;&#21512;/Pods-RAC_&#32452;&#21512;.release.xcconfig</string>
			<key>sourceTree</key>
			<string>&lt;group&gt;</string>
		</dict>
		<key>C1F99665AAF29F3C7A808C60</key>
		<dict>
			<key>buildActionMask</key>
			<string>2147483647</string>
			<key>files</key>
			<array/>
			<key>inputPaths</key>
			<array/>
			<key>isa</key>
			<string>PBXShellScriptBuildPhase</string>
			<key>name</key>
			<string>&#128230; Copy Pods Resources</string>
			<key>outputPaths</key>
			<array/>
			<key>runOnlyForDeploymentPostprocessing</key>
			<string>0</string>
			<key>shellPath</key>
			<string>/bin/sh</string>
			<key>shellScript</key>
			<string>"${SRCROOT}/Pods/Target Support Files/Pods-RAC_OC/Pods-RAC_OC-resources.sh"
</string>
			<key>showEnvVarsInLog</key>
			<string>0</string>
		</dict>
		<key>C34F5CC6FD0C7AF30B2D1BFE</key>
		<dict>
			<key>fileRef</key>
			<string>57C04C518436CB6789618989</string>
			<key>isa</key>
			<string>PBXBuildFile</string>
		</dict>
		<key>C51D451E894B66B12329FB34</key>
		<dict>
			<key>buildActionMask</key>
			<string>2147483647</string>
			<key>files</key>
			<array/>
			<key>inputPaths</key>
			<array/>
			<key>isa</key>
			<string>PBXShellScriptBuildPhase</string>
			<key>name</key>
			<string>&#128230; Copy Pods Resources</string>
			<key>outputPaths</key>
			<array/>
			<key>runOnlyForDeploymentPostprocessing</key>
			<string>0</string>
			<key>shellPath</key>
			<string>/bin/sh</string>
			<key>shellScript</key>
			<string>"${SRCROOT}/Pods/Target Support Files/Pods-RAC_&#36807;&#28388;/Pods-RAC_&#36807;&#28388;-resources.sh"
</string>
			<key>showEnvVarsInLog</key>
			<string>0</string>
		</dict>
		<key>D4FF35CB6AFAEA1926E85349</key>
		<dict>
			<key>buildActionMask</key>
			<string>2147483647</string>
			<key>files</key>
			<array/>
			<key>inputPaths</key>
			<array/>
			<key>isa</key>
			<string>PBXShellScriptBuildPhase</string>
			<key>name</key>
			<string>&#128230; Copy Pods Resources</string>
			<key>outputPaths</key>
			<array/>
			<key>runOnlyForDeploymentPostprocessing</key>
			<string>0</string>
			<key>shellPath</key>
			<string>/bin/sh</string>
			<key>shellScript</key>
			<string>"${SRCROOT}/Pods/Target Support Files/Pods-RAC_&#26144;&#23556;/Pods-RAC_&#26144;&#23556;-resources.sh"
</string>
			<key>showEnvVarsInLog</key>
			<string>0</string>
		</dict>
		<key>DE07C5225C852FC393571811</key>
		<dict>
			<key>includeInIndex</key>
			<string>1</string>
			<key>isa</key>
			<string>PBXFileReference</string>
			<key>lastKnownFileType</key>
			<string>text.xcconfig</string>
			<key>name</key>
			<string>Pods-RAC_&#36807;&#28388;.release.xcconfig</string>
			<key>path</key>
			<string>Pods/Target Support Files/Pods-RAC_&#36807;&#28388;/Pods-RAC_&#36807;&#28388;.release.xcconfig</string>
			<key>sourceTree</key>
			<string>&lt;group&gt;</string>
		</dict>
		<key>E4364BD835505EAE5DD1BE79</key>
		<dict>
			<key>includeInIndex</key>
			<string>1</string>
			<key>isa</key>
			<string>PBXFileReference</string>
			<key>lastKnownFileType</key>
			<string>text.xcconfig</string>
			<key>name</key>
			<string>Pods-RAC_OC.debug.xcconfig</string>
			<key>path</key>
			<string>Pods/Target Support Files/Pods-RAC_OC/Pods-RAC_OC.debug.xcconfig</string>
			<key>sourceTree</key>
			<string>&lt;group&gt;</string>
		</dict>
		<key>E4771CAF689FD7D81A54D8F4</key>
		<dict>
			<key>buildActionMask</key>
			<string>2147483647</string>
			<key>files</key>
			<array/>
			<key>inputPaths</key>
			<array/>
			<key>isa</key>
			<string>PBXShellScriptBuildPhase</string>
			<key>name</key>
			<string>&#128230; Embed Pods Frameworks</string>
			<key>outputPaths</key>
			<array/>
			<key>runOnlyForDeploymentPostprocessing</key>
			<string>0</string>
			<key>shellPath</key>
			<string>/bin/sh</string>
			<key>shellScript</key>
			<string>"${SRCROOT}/Pods/Target Support Files/Pods-RAC_&#36807;&#28388;/Pods-RAC_&#36807;&#28388;-frameworks.sh"
</string>
			<key>showEnvVarsInLog</key>
			<string>0</string>
		</dict>
		<key>F8C20A54D55BF964E5AE2833</key>
		<dict>
			<key>includeInIndex</key>
			<string>1</string>
			<key>isa</key>
			<string>PBXFileReference</string>
			<key>lastKnownFileType</key>
			<string>text.xcconfig</string>
			<key>name</key>
			<string>Pods-RAC_Command.release.xcconfig</string>
			<key>path</key>
			<string>Pods/Target Support Files/Pods-RAC_Command/Pods-RAC_Command.release.xcconfig</string>
			<key>sourceTree</key>
			<string>&lt;group&gt;</string>
		</dict>
	</dict>
	<key>rootObject</key>
	<string>709BB3321DD96883006B59A7</string>
</dict>
</plist>
